// !$*UTF8*$!
{
	archiveVersion = 1;
	classes = {
	};
	objectVersion = 46;
	objects = {

/* Begin PBXBuildFile section */
		18D0EE7B1B10205D005273CE /* AppDelegate.swift in Sources */ = {isa = PBXBuildFile; fileRef = 18D0EE7A1B10205D005273CE /* AppDelegate.swift */; };
		18D0EE7D1B10205D005273CE /* MainViewController.swift in Sources */ = {isa = PBXBuildFile; fileRef = 18D0EE7C1B10205D005273CE /* MainViewController.swift */; };
		18D0EE821B10205D005273CE /* Images.xcassets in Resources */ = {isa = PBXBuildFile; fileRef = 18D0EE811B10205D005273CE /* Images.xcassets */; };
		18D0EE911B10205D005273CE /* PhoneticsTests.swift in Sources */ = {isa = PBXBuildFile; fileRef = 18D0EE901B10205D005273CE /* PhoneticsTests.swift */; };
		58510DCD1B1305130043DA3D /* bgmusic.mp3 in Resources */ = {isa = PBXBuildFile; fileRef = 58510DCC1B1305130043DA3D /* bgmusic.mp3 */; };
/* End PBXBuildFile section */

/* Begin PBXContainerItemProxy section */
		18D0EE8B1B10205D005273CE /* PBXContainerItemProxy */ = {
			isa = PBXContainerItemProxy;
			containerPortal = 18D0EE6D1B10205D005273CE /* Project object */;
			proxyType = 1;
			remoteGlobalIDString = 18D0EE741B10205D005273CE;
			remoteInfo = Phonetics;
		};
/* End PBXContainerItemProxy section */

/* Begin PBXFileReference section */
		18D0EE751B10205D005273CE /* Phonetics.app */ = {isa = PBXFileReference; explicitFileType = wrapper.application; includeInIndex = 0; path = Phonetics.app; sourceTree = BUILT_PRODUCTS_DIR; };
		18D0EE791B10205D005273CE /* Info.plist */ = {isa = PBXFileReference; lastKnownFileType = text.plist.xml; path = Info.plist; sourceTree = "<group>"; };
		18D0EE7A1B10205D005273CE /* AppDelegate.swift */ = {isa = PBXFileReference; lastKnownFileType = sourcecode.swift; path = AppDelegate.swift; sourceTree = "<group>"; };
		18D0EE7C1B10205D005273CE /* MainViewController.swift */ = {isa = PBXFileReference; lastKnownFileType = sourcecode.swift; path = MainViewController.swift; sourceTree = "<group>"; };
		18D0EE811B10205D005273CE /* Images.xcassets */ = {isa = PBXFileReference; lastKnownFileType = folder.assetcatalog; path = Images.xcassets; sourceTree = "<group>"; };
		18D0EE8A1B10205D005273CE /* PhoneticsTests.xctest */ = {isa = PBXFileReference; explicitFileType = wrapper.cfbundle; includeInIndex = 0; path = PhoneticsTests.xctest; sourceTree = BUILT_PRODUCTS_DIR; };
		18D0EE8F1B10205D005273CE /* Info.plist */ = {isa = PBXFileReference; lastKnownFileType = text.plist.xml; path = Info.plist; sourceTree = "<group>"; };
		18D0EE901B10205D005273CE /* PhoneticsTests.swift */ = {isa = PBXFileReference; lastKnownFileType = sourcecode.swift; path = PhoneticsTests.swift; sourceTree = "<group>"; };
		58510DCC1B1305130043DA3D /* bgmusic.mp3 */ = {isa = PBXFileReference; lastKnownFileType = audio.mp3; path = bgmusic.mp3; sourceTree = "<group>"; };
/* End PBXFileReference section */

/* Begin PBXFrameworksBuildPhase section */
		18D0EE721B10205D005273CE /* Frameworks */ = {
			isa = PBXFrameworksBuildPhase;
			buildActionMask = 2147483647;
			files = (
			);
			runOnlyForDeploymentPostprocessing = 0;
		};
		18D0EE871B10205D005273CE /* Frameworks */ = {
			isa = PBXFrameworksBuildPhase;
			buildActionMask = 2147483647;
			files = (
			);
			runOnlyForDeploymentPostprocessing = 0;
		};
/* End PBXFrameworksBuildPhase section */

/* Begin PBXGroup section */
		18D0EE6C1B10205D005273CE = {
			isa = PBXGroup;
			children = (
				18D0EE771B10205D005273CE /* Phonetics */,
				18D0EE8D1B10205D005273CE /* PhoneticsTests */,
				18D0EE761B10205D005273CE /* Products */,
			);
			sourceTree = "<group>";
		};
		18D0EE761B10205D005273CE /* Products */ = {
			isa = PBXGroup;
			children = (
				18D0EE751B10205D005273CE /* Phonetics.app */,
				18D0EE8A1B10205D005273CE /* PhoneticsTests.xctest */,
			);
			name = Products;
			sourceTree = "<group>";
		};
		18D0EE771B10205D005273CE /* Phonetics */ = {
			isa = PBXGroup;
			children = (
				18D0EE7A1B10205D005273CE /* AppDelegate.swift */,
				18D0EE7C1B10205D005273CE /* MainViewController.swift */,
				18D0EE811B10205D005273CE /* Images.xcassets */,
				18D0EE781B10205D005273CE /* Supporting Files */,
			);
			path = Phonetics;
			sourceTree = "<group>";
		};
		18D0EE781B10205D005273CE /* Supporting Files */ = {
			isa = PBXGroup;
			children = (
				58510DCC1B1305130043DA3D /* bgmusic.mp3 */,
				18D0EE791B10205D005273CE /* Info.plist */,
			);
			name = "Supporting Files";
			sourceTree = "<group>";
		};
		18D0EE8D1B10205D005273CE /* PhoneticsTests */ = {
			isa = PBXGroup;
			children = (
				18D0EE901B10205D005273CE /* PhoneticsTests.swift */,
				18D0EE8E1B10205D005273CE /* Supporting Files */,
			);
			path = PhoneticsTests;
			sourceTree = "<group>";
		};
		18D0EE8E1B10205D005273CE /* Supporting Files */ = {
			isa = PBXGroup;
			children = (
				18D0EE8F1B10205D005273CE /* Info.plist */,
			);
			name = "Supporting Files";
			sourceTree = "<group>";
		};
/* End PBXGroup section */

/* Begin PBXNativeTarget section */
		18D0EE741B10205D005273CE /* Phonetics */ = {
			isa = PBXNativeTarget;
			buildConfigurationList = 18D0EE941B10205D005273CE /* Build configuration list for PBXNativeTarget "Phonetics" */;
			buildPhases = (
				18D0EE711B10205D005273CE /* Sources */,
				18D0EE721B10205D005273CE /* Frameworks */,
				18D0EE731B10205D005273CE /* Resources */,
			);
			buildRules = (
			);
			dependencies = (
			);
			name = Phonetics;
			productName = Phonetics;
			productReference = 18D0EE751B10205D005273CE /* Phonetics.app */;
			productType = "com.apple.product-type.application";
		};
		18D0EE891B10205D005273CE /* PhoneticsTests */ = {
			isa = PBXNativeTarget;
			buildConfigurationList = 18D0EE971B10205D005273CE /* Build configuration list for PBXNativeTarget "PhoneticsTests" */;
			buildPhases = (
				18D0EE861B10205D005273CE /* Sources */,
				18D0EE871B10205D005273CE /* Frameworks */,
				18D0EE881B10205D005273CE /* Resources */,
			);
			buildRules = (
			);
			dependencies = (
				18D0EE8C1B10205D005273CE /* PBXTargetDependency */,
			);
			name = PhoneticsTests;
			productName = PhoneticsTests;
			productReference = 18D0EE8A1B10205D005273CE /* PhoneticsTests.xctest */;
			productType = "com.apple.product-type.bundle.unit-test";
		};
/* End PBXNativeTarget section */

/* Begin PBXProject section */
		18D0EE6D1B10205D005273CE /* Project object */ = {
			isa = PBXProject;
			attributes = {
				LastUpgradeCheck = 0630;
				ORGANIZATIONNAME = "颜超";
				TargetAttributes = {
					18D0EE741B10205D005273CE = {
						CreatedOnToolsVersion = 6.3;
					};
					18D0EE891B10205D005273CE = {
						CreatedOnToolsVersion = 6.3;
						TestTargetID = 18D0EE741B10205D005273CE;
					};
				};
			};
			buildConfigurationList = 18D0EE701B10205D005273CE /* Build configuration list for PBXProject "Phonetics" */;
			compatibilityVersion = "Xcode 3.2";
			developmentRegion = English;
			hasScannedForEncodings = 0;
			knownRegions = (
				en,
				Base,
			);
			mainGroup = 18D0EE6C1B10205D005273CE;
			productRefGroup = 18D0EE761B10205D005273CE /* Products */;
			projectDirPath = "";
			projectRoot = "";
			targets = (
				18D0EE741B10205D005273CE /* Phonetics */,
				18D0EE891B10205D005273CE /* PhoneticsTests */,
			);
		};
/* End PBXProject section */

/* Begin PBXResourcesBuildPhase section */
		18D0EE731B10205D005273CE /* Resources */ = {
			isa = PBXResourcesBuildPhase;
			buildActionMask = 2147483647;
			files = (
				18D0EE821B10205D005273CE /* Images.xcassets in Resources */,
				58510DCD1B1305130043DA3D /* bgmusic.mp3 in Resources */,
			);
			runOnlyForDeploymentPostprocessing = 0;
		};
		18D0EE881B10205D005273CE /* Resources */ = {
			isa = PBXResourcesBuildPhase;
			buildActionMask = 2147483647;
			files = (
			);
			runOnlyForDeploymentPostprocessing = 0;
		};
/* End PBXResourcesBuildPhase section */

/* Begin PBXSourcesBuildPhase section */
		18D0EE711B10205D005273CE /* Sources */ = {
			isa = PBXSourcesBuildPhase;
			buildActionMask = 2147483647;
			files = (
				18D0EE7D1B10205D005273CE /* MainViewController.swift in Sources */,
				18D0EE7B1B10205D005273CE /* AppDelegate.swift in Sources */,
			);
			runOnlyForDeploymentPostprocessing = 0;
		};
		18D0EE861B10205D005273CE /* Sources */ = {
			isa = PBXSourcesBuildPhase;
			buildActionMask = 2147483647;
			files = (
				18D0EE911B10205D005273CE /* PhoneticsTests.swift in Sources */,
			);
			runOnlyForDeploymentPostprocessing = 0;
		};
/* End PBXSourcesBuildPhase section */

/* Begin PBXTargetDependency section */
		18D0EE8C1B10205D005273CE /* PBXTargetDependency */ = {
			isa = PBXTargetDependency;
			target = 18D0EE741B10205D005273CE /* Phonetics */;
			targetProxy = 18D0EE8B1B10205D005273CE /* PBXContainerItemProxy */;
		};
/* End PBXTargetDependency section */

/* Begin XCBuildConfiguration section */
		18D0EE921B10205D005273CE /* Debug */ = {
			isa = XCBuildConfiguration;
			buildSettings = {
				ALWAYS_SEARCH_USER_PATHS = NO;
				CLANG_CXX_LANGUAGE_STANDARD = "gnu++0x";
				CLANG_CXX_LIBRARY = "libc++";
				CLANG_ENABLE_MODULES = YES;
				CLANG_ENABLE_OBJC_ARC = YES;
				CLANG_WARN_BOOL_CONVERSION = YES;
				CLANG_WARN_CONSTANT_CONVERSION = YES;
				CLANG_WARN_DIRECT_OBJC_ISA_USAGE = YES_ERROR;
				CLANG_WARN_EMPTY_BODY = YES;
				CLANG_WARN_ENUM_CONVERSION = YES;
				CLANG_WARN_INT_CONVERSION = YES;
				CLANG_WARN_OBJC_ROOT_CLASS = YES_ERROR;
				CLANG_WARN_UNREACHABLE_CODE = YES;
				CLANG_WARN__DUPLICATE_METHOD_MATCH = YES;
				"CODE_SIGN_IDENTITY[sdk=iphoneos*]" = "iPhone Developer";
				COPY_PHASE_STRIP = NO;
				DEBUG_INFORMATION_FORMAT = "dwarf-with-dsym";
				ENABLE_STRICT_OBJC_MSGSEND = YES;
				GCC_C_LANGUAGE_STANDARD = gnu99;
				GCC_DYNAMIC_NO_PIC = NO;
				GCC_NO_COMMON_BLOCKS = YES;
				GCC_OPTIMIZATION_LEVEL = 0;
				GCC_PREPROCESSOR_DEFINITIONS = (
					"DEBUG=1",
					"$(inherited)",
				);
				GCC_SYMBOLS_PRIVATE_EXTERN = NO;
				GCC_WARN_64_TO_32_BIT_CONVERSION = YES;
				GCC_WARN_ABOUT_RETURN_TYPE = YES_ERROR;
				GCC_WARN_UNDECLARED_SELECTOR = YES;
				GCC_WARN_UNINITIALIZED_AUTOS = YES_AGGRESSIVE;
				GCC_WARN_UNUSED_FUNCTION = YES;
				GCC_WARN_UNUSED_VARIABLE = YES;
				IPHONEOS_DEPLOYMENT_TARGET = 8.3;
				MTL_ENABLE_DEBUG_INFO = YES;
				ONLY_ACTIVE_ARCH = YES;
				SDKROOT = iphoneos;
				SWIFT_OPTIMIZATION_LEVEL = "-Onone";
			};
			name = Debug;
		};
		18D0EE931B10205D005273CE /* Release */ = {
			isa = XCBuildConfiguration;
			buildSettings = {
				ALWAYS_SEARCH_USER_PATHS = NO;
				CLANG_CXX_LANGUAGE_STANDARD = "gnu++0x";
				CLANG_CXX_LIBRARY = "libc++";
				CLANG_ENABLE_MODULES = YES;
				CLANG_ENABLE_OBJC_ARC = YES;
				CLANG_WARN_BOOL_CONVERSION = YES;
				CLANG_WARN_CONSTANT_CONVERSION = YES;
				CLANG_WARN_DIRECT_OBJC_ISA_USAGE = YES_ERROR;
				CLANG_WARN_EMPTY_BODY = YES;
				CLANG_WARN_ENUM_CONVERSION = YES;
				CLANG_WARN_INT_CONVERSION = YES;
				CLANG_WARN_OBJC_ROOT_CLASS = YES_ERROR;
				CLANG_WARN_UNREACHABLE_CODE = YES;
				CLANG_WARN__DUPLICATE_METHOD_MATCH = YES;
				"CODE_SIGN_IDENTITY[sdk=iphoneos*]" = "iPhone Developer";
				COPY_PHASE_STRIP = NO;
				DEBUG_INFORMATION_FORMAT = "dwarf-with-dsym";
				ENABLE_NS_ASSERTIONS = NO;
				ENABLE_STRICT_OBJC_MSGSEND = YES;
				GCC_C_LANGUAGE_STANDARD = gnu99;
				GCC_NO_COMMON_BLOCKS = YES;
				GCC_WARN_64_TO_32_BIT_CONVERSION = YES;
				GCC_WARN_ABOUT_RETURN_TYPE = YES_ERROR;
				GCC_WARN_UNDECLARED_SELECTOR = YES;
				GCC_WARN_UNINITIALIZED_AUTOS = YES_AGGRESSIVE;
				GCC_WARN_UNUSED_FUNCTION = YES;
				GCC_WARN_UNUSED_VARIABLE = YES;
				IPHONEOS_DEPLOYMENT_TARGET = 8.3;
				MTL_ENABLE_DEBUG_INFO = NO;
				SDKROOT = iphoneos;
				VALIDATE_PRODUCT = YES;
			};
			name = Release;
		};
		18D0EE951B10205D005273CE /* Debug */ = {
			isa = XCBuildConfiguration;
			buildSettings = {
				ASSETCATALOG_COMPILER_APPICON_NAME = AppIcon;
				ASSETCATALOG_COMPILER_LAUNCHIMAGE_NAME = LaunchImage;
				INFOPLIST_FILE = Phonetics/Info.plist;
				IPHONEOS_DEPLOYMENT_TARGET = 7.0;
				LD_RUNPATH_SEARCH_PATHS = "$(inherited) @executable_path/Frameworks";
				PRODUCT_NAME = "$(TARGET_NAME)";
			};
			name = Debug;
		};
		18D0EE961B10205D005273CE /* Release */ = {
			isa = XCBuildConfiguration;
			buildSettings = {
				ASSETCATALOG_COMPILER_APPICON_NAME = AppIcon;
				ASSETCATALOG_COMPILER_LAUNCHIMAGE_NAME = LaunchImage;
				INFOPLIST_FILE = Phonetics/Info.plist;
				IPHONEOS_DEPLOYMENT_TARGET = 7.0;
				LD_RUNPATH_SEARCH_PATHS = "$(inherited) @executable_path/Frameworks";
				PRODUCT_NAME = "$(TARGET_NAME)";
			};
			name = Release;
		};
		18D0EE981B10205D005273CE /* Debug */ = {
			isa = XCBuildConfiguration;
			buildSettings = {
				BUNDLE_LOADER = "$(TEST_HOST)";
				FRAMEWORK_SEARCH_PATHS = (
					"$(SDKROOT)/Developer/Library/Frameworks",
					"$(inherited)",
				);
				GCC_PREPROCESSOR_DEFINITIONS = (
					"DEBUG=1",
					"$(inherited)",
				);
				INFOPLIST_FILE = PhoneticsTests/Info.plist;
				LD_RUNPATH_SEARCH_PATHS = "$(inherited) @executable_path/Frameworks @loader_path/Frameworks";
				PRODUCT_NAME = "$(TARGET_NAME)";
				TEST_HOST = "$(BUILT_PRODUCTS_DIR)/Phonetics.app/Phonetics";
			};
			name = Debug;
		};
		18D0EE991B10205D005273CE /* Release */ = {
			isa = XCBuildConfiguration;
			buildSettings = {
				BUNDLE_LOADER = "$(TEST_HOST)";
				FRAMEWORK_SEARCH_PATHS = (
					"$(SDKROOT)/Developer/Library/Frameworks",
					"$(inherited)",
				);
				INFOPLIST_FILE = PhoneticsTests/Info.plist;
				LD_RUNPATH_SEARCH_PATHS = "$(inherited) @executable_path/Frameworks @loader_path/Frameworks";
				PRODUCT_NAME = "$(TARGET_NAME)";
				TEST_HOST = "$(BUILT_PRODUCTS_DIR)/Phonetics.app/Phonetics";
			};
			name = Release;
		};
/* End XCBuildConfiguration section */

/* Begin XCConfigurationList section */
		18D0EE701B10205D005273CE /* Build configuration list for PBXProject "Phonetics" */ = {
			isa = XCConfigurationList;
			buildConfigurations = (
				18D0EE921B10205D005273CE /* Debug */,
				18D0EE931B10205D005273CE /* Release */,
			);
			defaultConfigurationIsVisible = 0;
			defaultConfigurationName = Release;
		};
		18D0EE941B10205D005273CE /* Build configuration list for PBXNativeTarget "Phonetics" */ = {
			isa = XCConfigurationList;
			buildConfigurations = (
				18D0EE951B10205D005273CE /* Debug */,
				18D0EE961B10205D005273CE /* Release */,
			);
			defaultConfigurationIsVisible = 0;
			defaultConfigurationName = Release;
		};
		18D0EE971B10205D005273CE /* Build configuration list for PBXNativeTarget "PhoneticsTests" */ = {
			isa = XCConfigurationList;
			buildConfigurations = (
				18D0EE981B10205D005273CE /* Debug */,
				18D0EE991B10205D005273CE /* Release */,
			);
			defaultConfigurationIsVisible = 0;
			defaultConfigurationName = Release;
		};
/* End XCConfigurationList section */
	};
	rootObject = 18D0EE6D1B10205D005273CE /* Project object */;
}
