// !$*UTF8*$!
{
	archiveVersion = 1;
	classes = {
	};
	objectVersion = 46;
	objects = {

/* Begin PBXBuildFile section */
		183202BB1CCE241300E56993 /* LaunchScreen.storyboard in Resources */ = {isa = PBXBuildFile; fileRef = 183202BA1CCE241300E56993 /* LaunchScreen.storyboard */; };
		1844DBA31CDF279C00D824A2 /* Localizable.strings in Resources */ = {isa = PBXBuildFile; fileRef = 1844DBA51CDF279C00D824A2 /* Localizable.strings */; };
		1857265B1CDF200900D21F5D /* voiceInfo.plist in Resources */ = {isa = PBXBuildFile; fileRef = 1857265D1CDF200900D21F5D /* voiceInfo.plist */; };
		186BFAAA1B940485002D9AFD /* CoreMotion.framework in Frameworks */ = {isa = PBXBuildFile; fileRef = 186BFAA91B940485002D9AFD /* CoreMotion.framework */; };
		186BFAAC1B94048E002D9AFD /* CFNetwork.framework in Frameworks */ = {isa = PBXBuildFile; fileRef = 186BFAAB1B94048E002D9AFD /* CFNetwork.framework */; };
		186BFAAE1B94049F002D9AFD /* StoreKit.framework in Frameworks */ = {isa = PBXBuildFile; fileRef = 186BFAAD1B94049F002D9AFD /* StoreKit.framework */; };
		186BFAB01B9404AD002D9AFD /* ImageIO.framework in Frameworks */ = {isa = PBXBuildFile; fileRef = 186BFAAF1B9404AD002D9AFD /* ImageIO.framework */; };
		186F57D11B248DCD00774A2F /* VoiceItem.m in Sources */ = {isa = PBXBuildFile; fileRef = 186F57D01B248DCD00774A2F /* VoiceItem.m */; };
		1886F4D11CDF2A0900FCE403 /* InfoPlist.strings in Resources */ = {isa = PBXBuildFile; fileRef = 1886F4D31CDF2A0900FCE403 /* InfoPlist.strings */; };
		18877ED31B2DCBFF00B11029 /* StepCell.m in Sources */ = {isa = PBXBuildFile; fileRef = 18877ED11B2DCBFF00B11029 /* StepCell.m */; };
		18877ED41B2DCBFF00B11029 /* StepCell.xib in Resources */ = {isa = PBXBuildFile; fileRef = 18877ED21B2DCBFF00B11029 /* StepCell.xib */; };
		18A8DB1C1B78511C0082D2BD /* WebViewController.m in Sources */ = {isa = PBXBuildFile; fileRef = 18A8DB1A1B78511C0082D2BD /* WebViewController.m */; };
		18A8DB1D1B78511C0082D2BD /* WebViewController.xib in Resources */ = {isa = PBXBuildFile; fileRef = 18A8DB1B1B78511C0082D2BD /* WebViewController.xib */; };
		18EF929C1B9FFC25005C4CCE /* libGDTMobSDK.a in Frameworks */ = {isa = PBXBuildFile; fileRef = 18EF929B1B9FFC25005C4CCE /* libGDTMobSDK.a */; };
		18EF929E1B9FFF25005C4CCE /* AdSupport.framework in Frameworks */ = {isa = PBXBuildFile; fileRef = 18EF929D1B9FFF25005C4CCE /* AdSupport.framework */; };
		18F9FB051B648531007BCF0E /* AnimationButton.m in Sources */ = {isa = PBXBuildFile; fileRef = 18F9FB041B648531007BCF0E /* AnimationButton.m */; };
		58029B831B3BD94A0081113D /* UserDefaultManager.m in Sources */ = {isa = PBXBuildFile; fileRef = 58029B821B3BD94A0081113D /* UserDefaultManager.m */; };
		58029B8A1B3C05F30081113D /* libWeChatSDK.a in Frameworks */ = {isa = PBXBuildFile; fileRef = 58029B861B3C05F30081113D /* libWeChatSDK.a */; };
		58029B8B1B3C05F30081113D /* read_me.txt in Resources */ = {isa = PBXBuildFile; fileRef = 58029B871B3C05F30081113D /* read_me.txt */; };
		58029B8D1B3C076F0081113D /* SystemConfiguration.framework in Frameworks */ = {isa = PBXBuildFile; fileRef = 58029B8C1B3C076F0081113D /* SystemConfiguration.framework */; };
		58029B8F1B3C077A0081113D /* libz.dylib in Frameworks */ = {isa = PBXBuildFile; fileRef = 58029B8E1B3C077A0081113D /* libz.dylib */; };
		58029B911B3C078F0081113D /* libsqlite3.0.dylib in Frameworks */ = {isa = PBXBuildFile; fileRef = 58029B901B3C078F0081113D /* libsqlite3.0.dylib */; };
		58029B931B3C082E0081113D /* libc++.dylib in Frameworks */ = {isa = PBXBuildFile; fileRef = 58029B921B3C082E0081113D /* libc++.dylib */; };
		5808F3141B1EDFA700ED3377 /* main.m in Sources */ = {isa = PBXBuildFile; fileRef = 5808F3131B1EDFA700ED3377 /* main.m */; };
		5808F3171B1EDFA700ED3377 /* AppDelegate.m in Sources */ = {isa = PBXBuildFile; fileRef = 5808F3161B1EDFA700ED3377 /* AppDelegate.m */; };
		5808F31A1B1EDFA700ED3377 /* MainViewController.m in Sources */ = {isa = PBXBuildFile; fileRef = 5808F3191B1EDFA700ED3377 /* MainViewController.m */; };
		5808F31F1B1EDFA700ED3377 /* Images.xcassets in Resources */ = {isa = PBXBuildFile; fileRef = 5808F31E1B1EDFA700ED3377 /* Images.xcassets */; };
		5808F32E1B1EDFA700ED3377 /* PhoneticsTests.m in Sources */ = {isa = PBXBuildFile; fileRef = 5808F32D1B1EDFA700ED3377 /* PhoneticsTests.m */; };
		5808F3381B1EE0BD00ED3377 /* MainViewController.xib in Resources */ = {isa = PBXBuildFile; fileRef = 5808F3371B1EE0BD00ED3377 /* MainViewController.xib */; };
		5808F33D1B1EE39D00ED3377 /* VoiceDetailViewController.m in Sources */ = {isa = PBXBuildFile; fileRef = 5808F33B1B1EE39D00ED3377 /* VoiceDetailViewController.m */; };
		5808F33E1B1EE39D00ED3377 /* VoiceDetailViewController.xib in Resources */ = {isa = PBXBuildFile; fileRef = 5808F33C1B1EE39D00ED3377 /* VoiceDetailViewController.xib */; };
		5808F3421B1EE40F00ED3377 /* VoiceCell.m in Sources */ = {isa = PBXBuildFile; fileRef = 5808F3401B1EE40F00ED3377 /* VoiceCell.m */; };
		5808F3431B1EE40F00ED3377 /* VoiceCell.xib in Resources */ = {isa = PBXBuildFile; fileRef = 5808F3411B1EE40F00ED3377 /* VoiceCell.xib */; };
		580D535B1B3C0F140092E408 /* CopyConnection.framework in Frameworks */ = {isa = PBXBuildFile; fileRef = 580D53481B3C0F140092E408 /* CopyConnection.framework */; };
		580D535C1B3C0F140092E408 /* WeChatConnection.framework in Frameworks */ = {isa = PBXBuildFile; fileRef = 580D53491B3C0F140092E408 /* WeChatConnection.framework */; };
		580D535D1B3C0F140092E408 /* AGCommon.framework in Frameworks */ = {isa = PBXBuildFile; fileRef = 580D534B1B3C0F140092E408 /* AGCommon.framework */; };
		580D535E1B3C0F140092E408 /* ShareSDKLocalizable.strings in Resources */ = {isa = PBXBuildFile; fileRef = 580D534C1B3C0F140092E408 /* ShareSDKLocalizable.strings */; };
		580D535F1B3C0F140092E408 /* Resource.bundle in Resources */ = {isa = PBXBuildFile; fileRef = 580D534E1B3C0F140092E408 /* Resource.bundle */; };
		580D53601B3C0F140092E408 /* ShareSDKCoreService.framework in Frameworks */ = {isa = PBXBuildFile; fileRef = 580D534F1B3C0F140092E408 /* ShareSDKCoreService.framework */; };
		580D53611B3C0F140092E408 /* libWeChatSDK.a in Frameworks */ = {isa = PBXBuildFile; fileRef = 580D53531B3C0F140092E408 /* libWeChatSDK.a */; };
		580D53621B3C0F140092E408 /* ShareSDK.framework in Frameworks */ = {isa = PBXBuildFile; fileRef = 580D53561B3C0F140092E408 /* ShareSDK.framework */; };
		580D53631B3C0F140092E408 /* ShareSDKFlatShareViewUI.bundle in Resources */ = {isa = PBXBuildFile; fileRef = 580D53581B3C0F140092E408 /* ShareSDKFlatShareViewUI.bundle */; };
		580D53641B3C0F140092E408 /* ShareSDKFlatShareViewUI.framework in Frameworks */ = {isa = PBXBuildFile; fileRef = 580D53591B3C0F140092E408 /* ShareSDKFlatShareViewUI.framework */; };
		580D53651B3C0F140092E408 /* ShareSDKShareActionSheet.framework in Frameworks */ = {isa = PBXBuildFile; fileRef = 580D535A1B3C0F140092E408 /* ShareSDKShareActionSheet.framework */; };
		580D53671B3C0F6F0092E408 /* QuartzCore.framework in Frameworks */ = {isa = PBXBuildFile; fileRef = 580D53661B3C0F6F0092E408 /* QuartzCore.framework */; };
		580D53691B3C0F770092E408 /* CoreTelephony.framework in Frameworks */ = {isa = PBXBuildFile; fileRef = 580D53681B3C0F770092E408 /* CoreTelephony.framework */; };
		580D536B1B3C0F880092E408 /* libicucore.dylib in Frameworks */ = {isa = PBXBuildFile; fileRef = 580D536A1B3C0F880092E408 /* libicucore.dylib */; };
		580D536D1B3C0F980092E408 /* libz.1.2.5.dylib in Frameworks */ = {isa = PBXBuildFile; fileRef = 580D536C1B3C0F980092E408 /* libz.1.2.5.dylib */; };
		580D536F1B3C0F9E0092E408 /* Security.framework in Frameworks */ = {isa = PBXBuildFile; fileRef = 580D536E1B3C0F9E0092E408 /* Security.framework */; };
		5839D5041B5CDAA700B0D96B /* libBaiduMobStat.a in Frameworks */ = {isa = PBXBuildFile; fileRef = 5839D5031B5CDAA700B0D96B /* libBaiduMobStat.a */; };
		5839D5081B5CDDD400B0D96B /* PhoneticsUtils.m in Sources */ = {isa = PBXBuildFile; fileRef = 5839D5071B5CDDD400B0D96B /* PhoneticsUtils.m */; };
		5839D50A1B5CDE2700B0D96B /* CoreLocation.framework in Frameworks */ = {isa = PBXBuildFile; fileRef = 5839D5091B5CDE2700B0D96B /* CoreLocation.framework */; };
		5839D50F1B5CF49000B0D96B /* CheckInInfo.m in Sources */ = {isa = PBXBuildFile; fileRef = 5839D50E1B5CF49000B0D96B /* CheckInInfo.m */; };
		58605C2B1B2F36920035ACA3 /* VoiceButton.m in Sources */ = {isa = PBXBuildFile; fileRef = 58605C2A1B2F36920035ACA3 /* VoiceButton.m */; };
		58635FF11B39BAE700A757C4 /* CompareViewController.m in Sources */ = {isa = PBXBuildFile; fileRef = 58635FEF1B39BAE700A757C4 /* CompareViewController.m */; };
		58635FF21B39BAE700A757C4 /* CompareViewController.xib in Resources */ = {isa = PBXBuildFile; fileRef = 58635FF01B39BAE700A757C4 /* CompareViewController.xib */; };
		58635FF61B39C32200A757C4 /* VoiceSelectViewController.m in Sources */ = {isa = PBXBuildFile; fileRef = 58635FF41B39C32200A757C4 /* VoiceSelectViewController.m */; };
		58635FF71B39C32200A757C4 /* VoiceSelectViewController.xib in Resources */ = {isa = PBXBuildFile; fileRef = 58635FF51B39C32200A757C4 /* VoiceSelectViewController.xib */; };
		586B27321B2EC7650000A91E /* ExampleCell.m in Sources */ = {isa = PBXBuildFile; fileRef = 586B27301B2EC7650000A91E /* ExampleCell.m */; };
		586B27331B2EC7650000A91E /* ExampleCell.xib in Resources */ = {isa = PBXBuildFile; fileRef = 586B27311B2EC7650000A91E /* ExampleCell.xib */; };
		587288451B3CF4BB0088BF00 /* TimeUtil.m in Sources */ = {isa = PBXBuildFile; fileRef = 587288441B3CF4BB0088BF00 /* TimeUtil.m */; };
		58A5985D1B4F5736005542C5 /* sy3.1.mp3 in Resources */ = {isa = PBXBuildFile; fileRef = 58A5985C1B4F5736005542C5 /* sy3.1.mp3 */; };
		58B77E5F1B5F446600D9C116 /* TutorialFirstStepViewController.m in Sources */ = {isa = PBXBuildFile; fileRef = 58B77E5D1B5F446600D9C116 /* TutorialFirstStepViewController.m */; };
		58B77E601B5F446600D9C116 /* TutorialFirstStepViewController.xib in Resources */ = {isa = PBXBuildFile; fileRef = 58B77E5E1B5F446600D9C116 /* TutorialFirstStepViewController.xib */; };
		58B77E691B5F4AAA00D9C116 /* TutorialSecondStepViewController.m in Sources */ = {isa = PBXBuildFile; fileRef = 58B77E671B5F4AAA00D9C116 /* TutorialSecondStepViewController.m */; };
		58B77E6A1B5F4AAA00D9C116 /* TutorialSecondStepViewController.xib in Resources */ = {isa = PBXBuildFile; fileRef = 58B77E681B5F4AAA00D9C116 /* TutorialSecondStepViewController.xib */; };
		58FCDF2D1B202D8C00A12529 /* VoiceInfo.m in Sources */ = {isa = PBXBuildFile; fileRef = 58FCDF2C1B202D8C00A12529 /* VoiceInfo.m */; };
/* End PBXBuildFile section */

/* Begin PBXContainerItemProxy section */
		5808F3281B1EDFA700ED3377 /* PBXContainerItemProxy */ = {
			isa = PBXContainerItemProxy;
			containerPortal = 5808F3061B1EDFA700ED3377 /* Project object */;
			proxyType = 1;
			remoteGlobalIDString = 5808F30D1B1EDFA700ED3377;
			remoteInfo = Phonetics;
		};
/* End PBXContainerItemProxy section */

/* Begin PBXFileReference section */
		181A4D371B709C9E004F479D /* Constant.h */ = {isa = PBXFileReference; lastKnownFileType = sourcecode.c.h; path = Constant.h; sourceTree = "<group>"; };
		183202BA1CCE241300E56993 /* LaunchScreen.storyboard */ = {isa = PBXFileReference; fileEncoding = 4; lastKnownFileType = file.storyboard; path = LaunchScreen.storyboard; sourceTree = "<group>"; };
		1844DBA41CDF279C00D824A2 /* en */ = {isa = PBXFileReference; lastKnownFileType = text.plist.strings; name = en; path = en.lproj/Localizable.strings; sourceTree = "<group>"; };
		1844DBA61CDF279E00D824A2 /* zh-Hans */ = {isa = PBXFileReference; lastKnownFileType = text.plist.strings; name = "zh-Hans"; path = "zh-Hans.lproj/Localizable.strings"; sourceTree = "<group>"; };
		1844DBA71CDF279F00D824A2 /* ko */ = {isa = PBXFileReference; lastKnownFileType = text.plist.strings; name = ko; path = ko.lproj/Localizable.strings; sourceTree = "<group>"; };
		1844DBA81CDF279F00D824A2 /* ja */ = {isa = PBXFileReference; lastKnownFileType = text.plist.strings; name = ja; path = ja.lproj/Localizable.strings; sourceTree = "<group>"; };
		1844DBA91CDF27A100D824A2 /* zh-Hant */ = {isa = PBXFileReference; lastKnownFileType = text.plist.strings; name = "zh-Hant"; path = "zh-Hant.lproj/Localizable.strings"; sourceTree = "<group>"; };
		185726581CDF1FC900D21F5D /* ko */ = {isa = PBXFileReference; lastKnownFileType = text.plist.strings; name = ko; path = ko.lproj/ShareSDKLocalizable.strings; sourceTree = "<group>"; };
		185726591CDF1FD800D21F5D /* ja */ = {isa = PBXFileReference; lastKnownFileType = text.plist.strings; name = ja; path = ja.lproj/ShareSDKLocalizable.strings; sourceTree = "<group>"; };
		1857265A1CDF1FDD00D21F5D /* zh-Hant */ = {isa = PBXFileReference; lastKnownFileType = text.plist.strings; name = "zh-Hant"; path = "zh-Hant.lproj/ShareSDKLocalizable.strings"; sourceTree = "<group>"; };
		1857265C1CDF200900D21F5D /* en */ = {isa = PBXFileReference; lastKnownFileType = text.plist.xml; name = en; path = en.lproj/voiceInfo.plist; sourceTree = "<group>"; };
		1857265E1CDF200B00D21F5D /* zh-Hans */ = {isa = PBXFileReference; lastKnownFileType = text.plist.xml; name = "zh-Hans"; path = "zh-Hans.lproj/voiceInfo.plist"; sourceTree = "<group>"; };
		1857265F1CDF200D00D21F5D /* ko */ = {isa = PBXFileReference; lastKnownFileType = text.plist.xml; name = ko; path = ko.lproj/voiceInfo.plist; sourceTree = "<group>"; };
		185726601CDF200D00D21F5D /* zh-Hant */ = {isa = PBXFileReference; lastKnownFileType = text.plist.xml; name = "zh-Hant"; path = "zh-Hant.lproj/voiceInfo.plist"; sourceTree = "<group>"; };
		185726611CDF200F00D21F5D /* ja */ = {isa = PBXFileReference; lastKnownFileType = text.plist.xml; name = ja; path = ja.lproj/voiceInfo.plist; sourceTree = "<group>"; };
		186BFAA91B940485002D9AFD /* CoreMotion.framework */ = {isa = PBXFileReference; lastKnownFileType = wrapper.framework; name = CoreMotion.framework; path = System/Library/Frameworks/CoreMotion.framework; sourceTree = SDKROOT; };
		186BFAAB1B94048E002D9AFD /* CFNetwork.framework */ = {isa = PBXFileReference; lastKnownFileType = wrapper.framework; name = CFNetwork.framework; path = System/Library/Frameworks/CFNetwork.framework; sourceTree = SDKROOT; };
		186BFAAD1B94049F002D9AFD /* StoreKit.framework */ = {isa = PBXFileReference; lastKnownFileType = wrapper.framework; name = StoreKit.framework; path = System/Library/Frameworks/StoreKit.framework; sourceTree = SDKROOT; };
		186BFAAF1B9404AD002D9AFD /* ImageIO.framework */ = {isa = PBXFileReference; lastKnownFileType = wrapper.framework; name = ImageIO.framework; path = System/Library/Frameworks/ImageIO.framework; sourceTree = SDKROOT; };
		186F57CF1B248DCD00774A2F /* VoiceItem.h */ = {isa = PBXFileReference; fileEncoding = 4; lastKnownFileType = sourcecode.c.h; path = VoiceItem.h; sourceTree = "<group>"; };
		186F57D01B248DCD00774A2F /* VoiceItem.m */ = {isa = PBXFileReference; fileEncoding = 4; lastKnownFileType = sourcecode.c.objc; path = VoiceItem.m; sourceTree = "<group>"; };
		1886F4D21CDF2A0900FCE403 /* en */ = {isa = PBXFileReference; lastKnownFileType = text.plist.strings; name = en; path = en.lproj/InfoPlist.strings; sourceTree = "<group>"; };
		1886F4D41CDF2A0A00FCE403 /* zh-Hans */ = {isa = PBXFileReference; lastKnownFileType = text.plist.strings; name = "zh-Hans"; path = "zh-Hans.lproj/InfoPlist.strings"; sourceTree = "<group>"; };
		1886F4D51CDF2A0D00FCE403 /* ko */ = {isa = PBXFileReference; lastKnownFileType = text.plist.strings; name = ko; path = ko.lproj/InfoPlist.strings; sourceTree = "<group>"; };
		1886F4D61CDF2A0E00FCE403 /* zh-Hant */ = {isa = PBXFileReference; lastKnownFileType = text.plist.strings; name = "zh-Hant"; path = "zh-Hant.lproj/InfoPlist.strings"; sourceTree = "<group>"; };
		1886F4D71CDF2A1100FCE403 /* ja */ = {isa = PBXFileReference; lastKnownFileType = text.plist.strings; name = ja; path = ja.lproj/InfoPlist.strings; sourceTree = "<group>"; };
		18877ED01B2DCBFF00B11029 /* StepCell.h */ = {isa = PBXFileReference; fileEncoding = 4; lastKnownFileType = sourcecode.c.h; path = StepCell.h; sourceTree = "<group>"; };
		18877ED11B2DCBFF00B11029 /* StepCell.m */ = {isa = PBXFileReference; fileEncoding = 4; lastKnownFileType = sourcecode.c.objc; path = StepCell.m; sourceTree = "<group>"; };
		18877ED21B2DCBFF00B11029 /* StepCell.xib */ = {isa = PBXFileReference; fileEncoding = 4; lastKnownFileType = file.xib; path = StepCell.xib; sourceTree = "<group>"; };
		18A8DB191B78511C0082D2BD /* WebViewController.h */ = {isa = PBXFileReference; fileEncoding = 4; lastKnownFileType = sourcecode.c.h; path = WebViewController.h; sourceTree = "<group>"; };
		18A8DB1A1B78511C0082D2BD /* WebViewController.m */ = {isa = PBXFileReference; fileEncoding = 4; lastKnownFileType = sourcecode.c.objc; path = WebViewController.m; sourceTree = "<group>"; };
		18A8DB1B1B78511C0082D2BD /* WebViewController.xib */ = {isa = PBXFileReference; fileEncoding = 4; lastKnownFileType = file.xib; path = WebViewController.xib; sourceTree = "<group>"; };
		18EF92981B9FFC25005C4CCE /* GDTMobBannerView.h */ = {isa = PBXFileReference; fileEncoding = 4; lastKnownFileType = sourcecode.c.h; path = GDTMobBannerView.h; sourceTree = "<group>"; };
		18EF92991B9FFC25005C4CCE /* GDTMobInterstitial.h */ = {isa = PBXFileReference; fileEncoding = 4; lastKnownFileType = sourcecode.c.h; path = GDTMobInterstitial.h; sourceTree = "<group>"; };
		18EF929A1B9FFC25005C4CCE /* GDTNativeAd.h */ = {isa = PBXFileReference; fileEncoding = 4; lastKnownFileType = sourcecode.c.h; path = GDTNativeAd.h; sourceTree = "<group>"; };
		18EF929B1B9FFC25005C4CCE /* libGDTMobSDK.a */ = {isa = PBXFileReference; lastKnownFileType = archive.ar; path = libGDTMobSDK.a; sourceTree = "<group>"; };
		18EF929D1B9FFF25005C4CCE /* AdSupport.framework */ = {isa = PBXFileReference; lastKnownFileType = wrapper.framework; name = AdSupport.framework; path = System/Library/Frameworks/AdSupport.framework; sourceTree = SDKROOT; };
		18F9FB031B648531007BCF0E /* AnimationButton.h */ = {isa = PBXFileReference; fileEncoding = 4; lastKnownFileType = sourcecode.c.h; path = AnimationButton.h; sourceTree = "<group>"; };
		18F9FB041B648531007BCF0E /* AnimationButton.m */ = {isa = PBXFileReference; fileEncoding = 4; lastKnownFileType = sourcecode.c.objc; path = AnimationButton.m; sourceTree = "<group>"; };
		58029B811B3BD94A0081113D /* UserDefaultManager.h */ = {isa = PBXFileReference; fileEncoding = 4; lastKnownFileType = sourcecode.c.h; path = UserDefaultManager.h; sourceTree = "<group>"; };
		58029B821B3BD94A0081113D /* UserDefaultManager.m */ = {isa = PBXFileReference; fileEncoding = 4; lastKnownFileType = sourcecode.c.objc; path = UserDefaultManager.m; sourceTree = "<group>"; };
		58029B861B3C05F30081113D /* libWeChatSDK.a */ = {isa = PBXFileReference; lastKnownFileType = archive.ar; path = libWeChatSDK.a; sourceTree = "<group>"; };
		58029B871B3C05F30081113D /* read_me.txt */ = {isa = PBXFileReference; fileEncoding = 4; lastKnownFileType = text; path = read_me.txt; sourceTree = "<group>"; };
		58029B881B3C05F30081113D /* WXApi.h */ = {isa = PBXFileReference; fileEncoding = 4; lastKnownFileType = sourcecode.c.h; path = WXApi.h; sourceTree = "<group>"; };
		58029B891B3C05F30081113D /* WXApiObject.h */ = {isa = PBXFileReference; fileEncoding = 4; lastKnownFileType = sourcecode.c.h; path = WXApiObject.h; sourceTree = "<group>"; };
		58029B8C1B3C076F0081113D /* SystemConfiguration.framework */ = {isa = PBXFileReference; lastKnownFileType = wrapper.framework; name = SystemConfiguration.framework; path = System/Library/Frameworks/SystemConfiguration.framework; sourceTree = SDKROOT; };
		58029B8E1B3C077A0081113D /* libz.dylib */ = {isa = PBXFileReference; lastKnownFileType = "compiled.mach-o.dylib"; name = libz.dylib; path = usr/lib/libz.dylib; sourceTree = SDKROOT; };
		58029B901B3C078F0081113D /* libsqlite3.0.dylib */ = {isa = PBXFileReference; lastKnownFileType = "compiled.mach-o.dylib"; name = libsqlite3.0.dylib; path = usr/lib/libsqlite3.0.dylib; sourceTree = SDKROOT; };
		58029B921B3C082E0081113D /* libc++.dylib */ = {isa = PBXFileReference; lastKnownFileType = "compiled.mach-o.dylib"; name = "libc++.dylib"; path = "usr/lib/libc++.dylib"; sourceTree = SDKROOT; };
		5808F30E1B1EDFA700ED3377 /* Phonetics.app */ = {isa = PBXFileReference; explicitFileType = wrapper.application; includeInIndex = 0; path = Phonetics.app; sourceTree = BUILT_PRODUCTS_DIR; };
		5808F3121B1EDFA700ED3377 /* Info.plist */ = {isa = PBXFileReference; lastKnownFileType = text.plist.xml; path = Info.plist; sourceTree = "<group>"; };
		5808F3131B1EDFA700ED3377 /* main.m */ = {isa = PBXFileReference; lastKnownFileType = sourcecode.c.objc; path = main.m; sourceTree = "<group>"; };
		5808F3151B1EDFA700ED3377 /* AppDelegate.h */ = {isa = PBXFileReference; lastKnownFileType = sourcecode.c.h; path = AppDelegate.h; sourceTree = "<group>"; };
		5808F3161B1EDFA700ED3377 /* AppDelegate.m */ = {isa = PBXFileReference; lastKnownFileType = sourcecode.c.objc; path = AppDelegate.m; sourceTree = "<group>"; };
		5808F3181B1EDFA700ED3377 /* MainViewController.h */ = {isa = PBXFileReference; lastKnownFileType = sourcecode.c.h; path = MainViewController.h; sourceTree = "<group>"; };
		5808F3191B1EDFA700ED3377 /* MainViewController.m */ = {isa = PBXFileReference; lastKnownFileType = sourcecode.c.objc; path = MainViewController.m; sourceTree = "<group>"; };
		5808F31E1B1EDFA700ED3377 /* Images.xcassets */ = {isa = PBXFileReference; lastKnownFileType = folder.assetcatalog; path = Images.xcassets; sourceTree = "<group>"; };
		5808F3271B1EDFA700ED3377 /* PhoneticsTests.xctest */ = {isa = PBXFileReference; explicitFileType = wrapper.cfbundle; includeInIndex = 0; path = PhoneticsTests.xctest; sourceTree = BUILT_PRODUCTS_DIR; };
		5808F32C1B1EDFA700ED3377 /* Info.plist */ = {isa = PBXFileReference; lastKnownFileType = text.plist.xml; path = Info.plist; sourceTree = "<group>"; };
		5808F32D1B1EDFA700ED3377 /* PhoneticsTests.m */ = {isa = PBXFileReference; lastKnownFileType = sourcecode.c.objc; path = PhoneticsTests.m; sourceTree = "<group>"; };
		5808F3371B1EE0BD00ED3377 /* MainViewController.xib */ = {isa = PBXFileReference; fileEncoding = 4; lastKnownFileType = file.xib; path = MainViewController.xib; sourceTree = "<group>"; };
		5808F33A1B1EE39D00ED3377 /* VoiceDetailViewController.h */ = {isa = PBXFileReference; fileEncoding = 4; lastKnownFileType = sourcecode.c.h; path = VoiceDetailViewController.h; sourceTree = "<group>"; };
		5808F33B1B1EE39D00ED3377 /* VoiceDetailViewController.m */ = {isa = PBXFileReference; fileEncoding = 4; lastKnownFileType = sourcecode.c.objc; path = VoiceDetailViewController.m; sourceTree = "<group>"; };
		5808F33C1B1EE39D00ED3377 /* VoiceDetailViewController.xib */ = {isa = PBXFileReference; fileEncoding = 4; lastKnownFileType = file.xib; path = VoiceDetailViewController.xib; sourceTree = "<group>"; };
		5808F33F1B1EE40F00ED3377 /* VoiceCell.h */ = {isa = PBXFileReference; fileEncoding = 4; lastKnownFileType = sourcecode.c.h; path = VoiceCell.h; sourceTree = "<group>"; };
		5808F3401B1EE40F00ED3377 /* VoiceCell.m */ = {isa = PBXFileReference; fileEncoding = 4; lastKnownFileType = sourcecode.c.objc; path = VoiceCell.m; sourceTree = "<group>"; };
		5808F3411B1EE40F00ED3377 /* VoiceCell.xib */ = {isa = PBXFileReference; fileEncoding = 4; lastKnownFileType = file.xib; path = VoiceCell.xib; sourceTree = "<group>"; };
		580D53481B3C0F140092E408 /* CopyConnection.framework */ = {isa = PBXFileReference; lastKnownFileType = wrapper.framework; path = CopyConnection.framework; sourceTree = "<group>"; };
		580D53491B3C0F140092E408 /* WeChatConnection.framework */ = {isa = PBXFileReference; lastKnownFileType = wrapper.framework; path = WeChatConnection.framework; sourceTree = "<group>"; };
		580D534B1B3C0F140092E408 /* AGCommon.framework */ = {isa = PBXFileReference; lastKnownFileType = wrapper.framework; path = AGCommon.framework; sourceTree = "<group>"; };
		580D534D1B3C0F140092E408 /* en */ = {isa = PBXFileReference; lastKnownFileType = text.plist.strings; name = en; path = en.lproj/ShareSDKLocalizable.strings; sourceTree = "<group>"; };
		580D534E1B3C0F140092E408 /* Resource.bundle */ = {isa = PBXFileReference; lastKnownFileType = "wrapper.plug-in"; path = Resource.bundle; sourceTree = "<group>"; };
		580D534F1B3C0F140092E408 /* ShareSDKCoreService.framework */ = {isa = PBXFileReference; lastKnownFileType = wrapper.framework; path = ShareSDKCoreService.framework; sourceTree = "<group>"; };
		580D53501B3C0F140092E408 /* zh-Hans */ = {isa = PBXFileReference; lastKnownFileType = text.plist.strings; name = "zh-Hans"; path = "zh-Hans.lproj/ShareSDKLocalizable.strings"; sourceTree = "<group>"; };
		580D53531B3C0F140092E408 /* libWeChatSDK.a */ = {isa = PBXFileReference; lastKnownFileType = archive.ar; path = libWeChatSDK.a; sourceTree = "<group>"; };
		580D53541B3C0F140092E408 /* WXApi.h */ = {isa = PBXFileReference; fileEncoding = 4; lastKnownFileType = sourcecode.c.h; path = WXApi.h; sourceTree = "<group>"; };
		580D53551B3C0F140092E408 /* WXApiObject.h */ = {isa = PBXFileReference; fileEncoding = 4; lastKnownFileType = sourcecode.c.h; path = WXApiObject.h; sourceTree = "<group>"; };
		580D53561B3C0F140092E408 /* ShareSDK.framework */ = {isa = PBXFileReference; lastKnownFileType = wrapper.framework; path = ShareSDK.framework; sourceTree = "<group>"; };
		580D53581B3C0F140092E408 /* ShareSDKFlatShareViewUI.bundle */ = {isa = PBXFileReference; lastKnownFileType = "wrapper.plug-in"; path = ShareSDKFlatShareViewUI.bundle; sourceTree = "<group>"; };
		580D53591B3C0F140092E408 /* ShareSDKFlatShareViewUI.framework */ = {isa = PBXFileReference; lastKnownFileType = wrapper.framework; path = ShareSDKFlatShareViewUI.framework; sourceTree = "<group>"; };
		580D535A1B3C0F140092E408 /* ShareSDKShareActionSheet.framework */ = {isa = PBXFileReference; lastKnownFileType = wrapper.framework; path = ShareSDKShareActionSheet.framework; sourceTree = "<group>"; };
		580D53661B3C0F6F0092E408 /* QuartzCore.framework */ = {isa = PBXFileReference; lastKnownFileType = wrapper.framework; name = QuartzCore.framework; path = System/Library/Frameworks/QuartzCore.framework; sourceTree = SDKROOT; };
		580D53681B3C0F770092E408 /* CoreTelephony.framework */ = {isa = PBXFileReference; lastKnownFileType = wrapper.framework; name = CoreTelephony.framework; path = System/Library/Frameworks/CoreTelephony.framework; sourceTree = SDKROOT; };
		580D536A1B3C0F880092E408 /* libicucore.dylib */ = {isa = PBXFileReference; lastKnownFileType = "compiled.mach-o.dylib"; name = libicucore.dylib; path = usr/lib/libicucore.dylib; sourceTree = SDKROOT; };
		580D536C1B3C0F980092E408 /* libz.1.2.5.dylib */ = {isa = PBXFileReference; lastKnownFileType = "compiled.mach-o.dylib"; name = libz.1.2.5.dylib; path = usr/lib/libz.1.2.5.dylib; sourceTree = SDKROOT; };
		580D536E1B3C0F9E0092E408 /* Security.framework */ = {isa = PBXFileReference; lastKnownFileType = wrapper.framework; name = Security.framework; path = System/Library/Frameworks/Security.framework; sourceTree = SDKROOT; };
		5839D5031B5CDAA700B0D96B /* libBaiduMobStat.a */ = {isa = PBXFileReference; lastKnownFileType = archive.ar; path = libBaiduMobStat.a; sourceTree = "<group>"; };
		5839D5051B5CDBFB00B0D96B /* BaiduMobStat.h */ = {isa = PBXFileReference; fileEncoding = 4; lastKnownFileType = sourcecode.c.h; path = BaiduMobStat.h; sourceTree = "<group>"; };
		5839D5061B5CDDD400B0D96B /* PhoneticsUtils.h */ = {isa = PBXFileReference; fileEncoding = 4; lastKnownFileType = sourcecode.c.h; path = PhoneticsUtils.h; sourceTree = "<group>"; };
		5839D5071B5CDDD400B0D96B /* PhoneticsUtils.m */ = {isa = PBXFileReference; fileEncoding = 4; lastKnownFileType = sourcecode.c.objc; path = PhoneticsUtils.m; sourceTree = "<group>"; };
		5839D5091B5CDE2700B0D96B /* CoreLocation.framework */ = {isa = PBXFileReference; lastKnownFileType = wrapper.framework; name = CoreLocation.framework; path = System/Library/Frameworks/CoreLocation.framework; sourceTree = SDKROOT; };
		5839D50D1B5CF49000B0D96B /* CheckInInfo.h */ = {isa = PBXFileReference; fileEncoding = 4; lastKnownFileType = sourcecode.c.h; path = CheckInInfo.h; sourceTree = "<group>"; };
		5839D50E1B5CF49000B0D96B /* CheckInInfo.m */ = {isa = PBXFileReference; fileEncoding = 4; lastKnownFileType = sourcecode.c.objc; path = CheckInInfo.m; sourceTree = "<group>"; };
		58605C291B2F36920035ACA3 /* VoiceButton.h */ = {isa = PBXFileReference; fileEncoding = 4; lastKnownFileType = sourcecode.c.h; path = VoiceButton.h; sourceTree = "<group>"; };
		58605C2A1B2F36920035ACA3 /* VoiceButton.m */ = {isa = PBXFileReference; fileEncoding = 4; lastKnownFileType = sourcecode.c.objc; path = VoiceButton.m; sourceTree = "<group>"; };
		58635FEE1B39BAE700A757C4 /* CompareViewController.h */ = {isa = PBXFileReference; fileEncoding = 4; lastKnownFileType = sourcecode.c.h; path = CompareViewController.h; sourceTree = "<group>"; };
		58635FEF1B39BAE700A757C4 /* CompareViewController.m */ = {isa = PBXFileReference; fileEncoding = 4; lastKnownFileType = sourcecode.c.objc; path = CompareViewController.m; sourceTree = "<group>"; };
		58635FF01B39BAE700A757C4 /* CompareViewController.xib */ = {isa = PBXFileReference; fileEncoding = 4; lastKnownFileType = file.xib; path = CompareViewController.xib; sourceTree = "<group>"; };
		58635FF31B39C32200A757C4 /* VoiceSelectViewController.h */ = {isa = PBXFileReference; fileEncoding = 4; lastKnownFileType = sourcecode.c.h; path = VoiceSelectViewController.h; sourceTree = "<group>"; };
		58635FF41B39C32200A757C4 /* VoiceSelectViewController.m */ = {isa = PBXFileReference; fileEncoding = 4; lastKnownFileType = sourcecode.c.objc; path = VoiceSelectViewController.m; sourceTree = "<group>"; };
		58635FF51B39C32200A757C4 /* VoiceSelectViewController.xib */ = {isa = PBXFileReference; fileEncoding = 4; lastKnownFileType = file.xib; path = VoiceSelectViewController.xib; sourceTree = "<group>"; };
		586B272F1B2EC7650000A91E /* ExampleCell.h */ = {isa = PBXFileReference; fileEncoding = 4; lastKnownFileType = sourcecode.c.h; path = ExampleCell.h; sourceTree = "<group>"; };
		586B27301B2EC7650000A91E /* ExampleCell.m */ = {isa = PBXFileReference; fileEncoding = 4; lastKnownFileType = sourcecode.c.objc; path = ExampleCell.m; sourceTree = "<group>"; };
		586B27311B2EC7650000A91E /* ExampleCell.xib */ = {isa = PBXFileReference; fileEncoding = 4; lastKnownFileType = file.xib; path = ExampleCell.xib; sourceTree = "<group>"; };
		587288431B3CF4BB0088BF00 /* TimeUtil.h */ = {isa = PBXFileReference; fileEncoding = 4; lastKnownFileType = sourcecode.c.h; path = TimeUtil.h; sourceTree = "<group>"; };
		587288441B3CF4BB0088BF00 /* TimeUtil.m */ = {isa = PBXFileReference; fileEncoding = 4; lastKnownFileType = sourcecode.c.objc; path = TimeUtil.m; sourceTree = "<group>"; };
		58A5985C1B4F5736005542C5 /* sy3.1.mp3 */ = {isa = PBXFileReference; lastKnownFileType = audio.mp3; path = sy3.1.mp3; sourceTree = "<group>"; };
		58B77E5C1B5F446600D9C116 /* TutorialFirstStepViewController.h */ = {isa = PBXFileReference; fileEncoding = 4; lastKnownFileType = sourcecode.c.h; path = TutorialFirstStepViewController.h; sourceTree = "<group>"; };
		58B77E5D1B5F446600D9C116 /* TutorialFirstStepViewController.m */ = {isa = PBXFileReference; fileEncoding = 4; lastKnownFileType = sourcecode.c.objc; path = TutorialFirstStepViewController.m; sourceTree = "<group>"; };
		58B77E5E1B5F446600D9C116 /* TutorialFirstStepViewController.xib */ = {isa = PBXFileReference; fileEncoding = 4; lastKnownFileType = file.xib; path = TutorialFirstStepViewController.xib; sourceTree = "<group>"; };
		58B77E661B5F4AAA00D9C116 /* TutorialSecondStepViewController.h */ = {isa = PBXFileReference; fileEncoding = 4; lastKnownFileType = sourcecode.c.h; path = TutorialSecondStepViewController.h; sourceTree = "<group>"; };
		58B77E671B5F4AAA00D9C116 /* TutorialSecondStepViewController.m */ = {isa = PBXFileReference; fileEncoding = 4; lastKnownFileType = sourcecode.c.objc; path = TutorialSecondStepViewController.m; sourceTree = "<group>"; };
		58B77E681B5F4AAA00D9C116 /* TutorialSecondStepViewController.xib */ = {isa = PBXFileReference; fileEncoding = 4; lastKnownFileType = file.xib; path = TutorialSecondStepViewController.xib; sourceTree = "<group>"; };
		58FCDF2B1B202D8C00A12529 /* VoiceInfo.h */ = {isa = PBXFileReference; fileEncoding = 4; lastKnownFileType = sourcecode.c.h; path = VoiceInfo.h; sourceTree = "<group>"; };
		58FCDF2C1B202D8C00A12529 /* VoiceInfo.m */ = {isa = PBXFileReference; fileEncoding = 4; lastKnownFileType = sourcecode.c.objc; path = VoiceInfo.m; sourceTree = "<group>"; };
/* End PBXFileReference section */

/* Begin PBXFrameworksBuildPhase section */
		5808F30B1B1EDFA700ED3377 /* Frameworks */ = {
			isa = PBXFrameworksBuildPhase;
			buildActionMask = 2147483647;
			files = (
				18EF929E1B9FFF25005C4CCE /* AdSupport.framework in Frameworks */,
				186BFAB01B9404AD002D9AFD /* ImageIO.framework in Frameworks */,
				186BFAAE1B94049F002D9AFD /* StoreKit.framework in Frameworks */,
				186BFAAC1B94048E002D9AFD /* CFNetwork.framework in Frameworks */,
				186BFAAA1B940485002D9AFD /* CoreMotion.framework in Frameworks */,
				5839D50A1B5CDE2700B0D96B /* CoreLocation.framework in Frameworks */,
				580D536F1B3C0F9E0092E408 /* Security.framework in Frameworks */,
				580D536D1B3C0F980092E408 /* libz.1.2.5.dylib in Frameworks */,
				580D536B1B3C0F880092E408 /* libicucore.dylib in Frameworks */,
				580D53691B3C0F770092E408 /* CoreTelephony.framework in Frameworks */,
				580D53671B3C0F6F0092E408 /* QuartzCore.framework in Frameworks */,
				580D53601B3C0F140092E408 /* ShareSDKCoreService.framework in Frameworks */,
				5839D5041B5CDAA700B0D96B /* libBaiduMobStat.a in Frameworks */,
				58029B931B3C082E0081113D /* libc++.dylib in Frameworks */,
				58029B911B3C078F0081113D /* libsqlite3.0.dylib in Frameworks */,
				580D53621B3C0F140092E408 /* ShareSDK.framework in Frameworks */,
				580D535C1B3C0F140092E408 /* WeChatConnection.framework in Frameworks */,
				580D535D1B3C0F140092E408 /* AGCommon.framework in Frameworks */,
				580D53611B3C0F140092E408 /* libWeChatSDK.a in Frameworks */,
				58029B8F1B3C077A0081113D /* libz.dylib in Frameworks */,
				580D535B1B3C0F140092E408 /* CopyConnection.framework in Frameworks */,
				58029B8D1B3C076F0081113D /* SystemConfiguration.framework in Frameworks */,
				58029B8A1B3C05F30081113D /* libWeChatSDK.a in Frameworks */,
				580D53651B3C0F140092E408 /* ShareSDKShareActionSheet.framework in Frameworks */,
				18EF929C1B9FFC25005C4CCE /* libGDTMobSDK.a in Frameworks */,
				580D53641B3C0F140092E408 /* ShareSDKFlatShareViewUI.framework in Frameworks */,
			);
			runOnlyForDeploymentPostprocessing = 0;
		};
		5808F3241B1EDFA700ED3377 /* Frameworks */ = {
			isa = PBXFrameworksBuildPhase;
			buildActionMask = 2147483647;
			files = (
			);
			runOnlyForDeploymentPostprocessing = 0;
		};
/* End PBXFrameworksBuildPhase section */

/* Begin PBXGroup section */
		18EF92971B9FFC25005C4CCE /* TXSDK */ = {
			isa = PBXGroup;
			children = (
				18EF92981B9FFC25005C4CCE /* GDTMobBannerView.h */,
				18EF92991B9FFC25005C4CCE /* GDTMobInterstitial.h */,
				18EF929A1B9FFC25005C4CCE /* GDTNativeAd.h */,
				18EF929B1B9FFC25005C4CCE /* libGDTMobSDK.a */,
			);
			path = TXSDK;
			sourceTree = "<group>";
		};
		58029B801B3BD8C20081113D /* Utils */ = {
			isa = PBXGroup;
			children = (
				58029B811B3BD94A0081113D /* UserDefaultManager.h */,
				58029B821B3BD94A0081113D /* UserDefaultManager.m */,
				587288431B3CF4BB0088BF00 /* TimeUtil.h */,
				587288441B3CF4BB0088BF00 /* TimeUtil.m */,
				5839D5061B5CDDD400B0D96B /* PhoneticsUtils.h */,
				5839D5071B5CDDD400B0D96B /* PhoneticsUtils.m */,
				181A4D371B709C9E004F479D /* Constant.h */,
			);
			name = Utils;
			sourceTree = "<group>";
		};
		58029B841B3C05E50081113D /* Library */ = {
			isa = PBXGroup;
			children = (
				18EF92971B9FFC25005C4CCE /* TXSDK */,
				5839D5021B5CDAA700B0D96B /* BaiduMob */,
				580D53461B3C0F140092E408 /* ShareSDK */,
				58029B851B3C05F30081113D /* WeChatSDK_1.5 */,
			);
			path = Library;
			sourceTree = "<group>";
		};
		58029B851B3C05F30081113D /* WeChatSDK_1.5 */ = {
			isa = PBXGroup;
			children = (
				58029B861B3C05F30081113D /* libWeChatSDK.a */,
				58029B871B3C05F30081113D /* read_me.txt */,
				58029B881B3C05F30081113D /* WXApi.h */,
				58029B891B3C05F30081113D /* WXApiObject.h */,
			);
			path = WeChatSDK_1.5;
			sourceTree = "<group>";
		};
		5808F3051B1EDFA700ED3377 = {
			isa = PBXGroup;
			children = (
				5808F3101B1EDFA700ED3377 /* Phonetics */,
				5808F32A1B1EDFA700ED3377 /* PhoneticsTests */,
				5808F30F1B1EDFA700ED3377 /* Products */,
			);
			sourceTree = "<group>";
		};
		5808F30F1B1EDFA700ED3377 /* Products */ = {
			isa = PBXGroup;
			children = (
				5808F30E1B1EDFA700ED3377 /* Phonetics.app */,
				5808F3271B1EDFA700ED3377 /* PhoneticsTests.xctest */,
			);
			name = Products;
			sourceTree = "<group>";
		};
		5808F3101B1EDFA700ED3377 /* Phonetics */ = {
			isa = PBXGroup;
			children = (
				183202BA1CCE241300E56993 /* LaunchScreen.storyboard */,
				5808F3151B1EDFA700ED3377 /* AppDelegate.h */,
				5808F3161B1EDFA700ED3377 /* AppDelegate.m */,
				5808F31E1B1EDFA700ED3377 /* Images.xcassets */,
				58029B841B3C05E50081113D /* Library */,
				58FCDF2A1B202D7700A12529 /* Model */,
				5808F3111B1EDFA700ED3377 /* Supporting Files */,
				58B77E5B1B5F441400D9C116 /* Totorial */,
				5808F3391B1EE38300ED3377 /* UI */,
				58029B801B3BD8C20081113D /* Utils */,
			);
			path = Phonetics;
			sourceTree = "<group>";
		};
		5808F3111B1EDFA700ED3377 /* Supporting Files */ = {
			isa = PBXGroup;
			children = (
				58A5985C1B4F5736005542C5 /* sy3.1.mp3 */,
				580D53701B3C0FB70092E408 /* FrameWork */,
				5808F3121B1EDFA700ED3377 /* Info.plist */,
				5808F3131B1EDFA700ED3377 /* main.m */,
				1857265D1CDF200900D21F5D /* voiceInfo.plist */,
				1844DBA51CDF279C00D824A2 /* Localizable.strings */,
				1886F4D31CDF2A0900FCE403 /* InfoPlist.strings */,
			);
			name = "Supporting Files";
			sourceTree = "<group>";
		};
		5808F32A1B1EDFA700ED3377 /* PhoneticsTests */ = {
			isa = PBXGroup;
			children = (
				5808F32D1B1EDFA700ED3377 /* PhoneticsTests.m */,
				5808F32B1B1EDFA700ED3377 /* Supporting Files */,
			);
			path = PhoneticsTests;
			sourceTree = "<group>";
		};
		5808F32B1B1EDFA700ED3377 /* Supporting Files */ = {
			isa = PBXGroup;
			children = (
				5808F32C1B1EDFA700ED3377 /* Info.plist */,
			);
			name = "Supporting Files";
			sourceTree = "<group>";
		};
		5808F3391B1EE38300ED3377 /* UI */ = {
			isa = PBXGroup;
			children = (
				58635FEE1B39BAE700A757C4 /* CompareViewController.h */,
				58635FEF1B39BAE700A757C4 /* CompareViewController.m */,
				58635FF01B39BAE700A757C4 /* CompareViewController.xib */,
				586B272F1B2EC7650000A91E /* ExampleCell.h */,
				586B27301B2EC7650000A91E /* ExampleCell.m */,
				586B27311B2EC7650000A91E /* ExampleCell.xib */,
				5808F3181B1EDFA700ED3377 /* MainViewController.h */,
				5808F3191B1EDFA700ED3377 /* MainViewController.m */,
				5808F3371B1EE0BD00ED3377 /* MainViewController.xib */,
				18877ED01B2DCBFF00B11029 /* StepCell.h */,
				18877ED11B2DCBFF00B11029 /* StepCell.m */,
				18877ED21B2DCBFF00B11029 /* StepCell.xib */,
				58605C291B2F36920035ACA3 /* VoiceButton.h */,
				58605C2A1B2F36920035ACA3 /* VoiceButton.m */,
				5808F33F1B1EE40F00ED3377 /* VoiceCell.h */,
				5808F3401B1EE40F00ED3377 /* VoiceCell.m */,
				5808F3411B1EE40F00ED3377 /* VoiceCell.xib */,
				5808F33A1B1EE39D00ED3377 /* VoiceDetailViewController.h */,
				5808F33B1B1EE39D00ED3377 /* VoiceDetailViewController.m */,
				5808F33C1B1EE39D00ED3377 /* VoiceDetailViewController.xib */,
				58635FF31B39C32200A757C4 /* VoiceSelectViewController.h */,
				58635FF41B39C32200A757C4 /* VoiceSelectViewController.m */,
				58635FF51B39C32200A757C4 /* VoiceSelectViewController.xib */,
				18A8DB191B78511C0082D2BD /* WebViewController.h */,
				18A8DB1A1B78511C0082D2BD /* WebViewController.m */,
				18A8DB1B1B78511C0082D2BD /* WebViewController.xib */,
			);
			name = UI;
			sourceTree = "<group>";
		};
		580D53461B3C0F140092E408 /* ShareSDK */ = {
			isa = PBXGroup;
			children = (
				580D53471B3C0F140092E408 /* Connection */,
				580D534A1B3C0F140092E408 /* Core */,
				580D53511B3C0F140092E408 /* Extend */,
				580D53561B3C0F140092E408 /* ShareSDK.framework */,
				580D53571B3C0F140092E408 /* UI */,
			);
			path = ShareSDK;
			sourceTree = "<group>";
		};
		580D53471B3C0F140092E408 /* Connection */ = {
			isa = PBXGroup;
			children = (
				580D53481B3C0F140092E408 /* CopyConnection.framework */,
				580D53491B3C0F140092E408 /* WeChatConnection.framework */,
			);
			path = Connection;
			sourceTree = "<group>";
		};
		580D534A1B3C0F140092E408 /* Core */ = {
			isa = PBXGroup;
			children = (
				580D534B1B3C0F140092E408 /* AGCommon.framework */,
				580D534C1B3C0F140092E408 /* ShareSDKLocalizable.strings */,
				580D534E1B3C0F140092E408 /* Resource.bundle */,
				580D534F1B3C0F140092E408 /* ShareSDKCoreService.framework */,
			);
			path = Core;
			sourceTree = "<group>";
		};
		580D53511B3C0F140092E408 /* Extend */ = {
			isa = PBXGroup;
			children = (
				580D53521B3C0F140092E408 /* WeChatSDK */,
			);
			path = Extend;
			sourceTree = "<group>";
		};
		580D53521B3C0F140092E408 /* WeChatSDK */ = {
			isa = PBXGroup;
			children = (
				580D53531B3C0F140092E408 /* libWeChatSDK.a */,
				580D53541B3C0F140092E408 /* WXApi.h */,
				580D53551B3C0F140092E408 /* WXApiObject.h */,
			);
			path = WeChatSDK;
			sourceTree = "<group>";
		};
		580D53571B3C0F140092E408 /* UI */ = {
			isa = PBXGroup;
			children = (
				580D53581B3C0F140092E408 /* ShareSDKFlatShareViewUI.bundle */,
				580D53591B3C0F140092E408 /* ShareSDKFlatShareViewUI.framework */,
				580D535A1B3C0F140092E408 /* ShareSDKShareActionSheet.framework */,
			);
			path = UI;
			sourceTree = "<group>";
		};
		580D53701B3C0FB70092E408 /* FrameWork */ = {
			isa = PBXGroup;
			children = (
				18EF929D1B9FFF25005C4CCE /* AdSupport.framework */,
				186BFAAF1B9404AD002D9AFD /* ImageIO.framework */,
				186BFAAD1B94049F002D9AFD /* StoreKit.framework */,
				186BFAAB1B94048E002D9AFD /* CFNetwork.framework */,
				186BFAA91B940485002D9AFD /* CoreMotion.framework */,
				5839D5091B5CDE2700B0D96B /* CoreLocation.framework */,
				580D536E1B3C0F9E0092E408 /* Security.framework */,
				580D536C1B3C0F980092E408 /* libz.1.2.5.dylib */,
				580D536A1B3C0F880092E408 /* libicucore.dylib */,
				580D53681B3C0F770092E408 /* CoreTelephony.framework */,
				580D53661B3C0F6F0092E408 /* QuartzCore.framework */,
				58029B921B3C082E0081113D /* libc++.dylib */,
				58029B901B3C078F0081113D /* libsqlite3.0.dylib */,
				58029B8E1B3C077A0081113D /* libz.dylib */,
				58029B8C1B3C076F0081113D /* SystemConfiguration.framework */,
			);
			name = FrameWork;
			sourceTree = "<group>";
		};
		5839D5021B5CDAA700B0D96B /* BaiduMob */ = {
			isa = PBXGroup;
			children = (
				5839D5051B5CDBFB00B0D96B /* BaiduMobStat.h */,
				5839D5031B5CDAA700B0D96B /* libBaiduMobStat.a */,
			);
			path = BaiduMob;
			sourceTree = "<group>";
		};
		58B77E5B1B5F441400D9C116 /* Totorial */ = {
			isa = PBXGroup;
			children = (
				58B77E5C1B5F446600D9C116 /* TutorialFirstStepViewController.h */,
				58B77E5D1B5F446600D9C116 /* TutorialFirstStepViewController.m */,
				58B77E5E1B5F446600D9C116 /* TutorialFirstStepViewController.xib */,
				58B77E661B5F4AAA00D9C116 /* TutorialSecondStepViewController.h */,
				58B77E671B5F4AAA00D9C116 /* TutorialSecondStepViewController.m */,
				58B77E681B5F4AAA00D9C116 /* TutorialSecondStepViewController.xib */,
				18F9FB031B648531007BCF0E /* AnimationButton.h */,
				18F9FB041B648531007BCF0E /* AnimationButton.m */,
			);
			name = Totorial;
			sourceTree = "<group>";
		};
		58FCDF2A1B202D7700A12529 /* Model */ = {
			isa = PBXGroup;
			children = (
				58FCDF2B1B202D8C00A12529 /* VoiceInfo.h */,
				58FCDF2C1B202D8C00A12529 /* VoiceInfo.m */,
				186F57CF1B248DCD00774A2F /* VoiceItem.h */,
				186F57D01B248DCD00774A2F /* VoiceItem.m */,
				5839D50D1B5CF49000B0D96B /* CheckInInfo.h */,
				5839D50E1B5CF49000B0D96B /* CheckInInfo.m */,
			);
			name = Model;
			sourceTree = "<group>";
		};
/* End PBXGroup section */

/* Begin PBXNativeTarget section */
		5808F30D1B1EDFA700ED3377 /* Phonetics */ = {
			isa = PBXNativeTarget;
			buildConfigurationList = 5808F3311B1EDFA700ED3377 /* Build configuration list for PBXNativeTarget "Phonetics" */;
			buildPhases = (
				5808F30A1B1EDFA700ED3377 /* Sources */,
				5808F30B1B1EDFA700ED3377 /* Frameworks */,
				5808F30C1B1EDFA700ED3377 /* Resources */,
			);
			buildRules = (
			);
			dependencies = (
			);
			name = Phonetics;
			productName = Phonetics;
			productReference = 5808F30E1B1EDFA700ED3377 /* Phonetics.app */;
			productType = "com.apple.product-type.application";
		};
		5808F3261B1EDFA700ED3377 /* PhoneticsTests */ = {
			isa = PBXNativeTarget;
			buildConfigurationList = 5808F3341B1EDFA700ED3377 /* Build configuration list for PBXNativeTarget "PhoneticsTests" */;
			buildPhases = (
				5808F3231B1EDFA700ED3377 /* Sources */,
				5808F3241B1EDFA700ED3377 /* Frameworks */,
				5808F3251B1EDFA700ED3377 /* Resources */,
			);
			buildRules = (
			);
			dependencies = (
				5808F3291B1EDFA700ED3377 /* PBXTargetDependency */,
			);
			name = PhoneticsTests;
			productName = PhoneticsTests;
			productReference = 5808F3271B1EDFA700ED3377 /* PhoneticsTests.xctest */;
			productType = "com.apple.product-type.bundle.unit-test";
		};
/* End PBXNativeTarget section */

/* Begin PBXProject section */
		5808F3061B1EDFA700ED3377 /* Project object */ = {
			isa = PBXProject;
			attributes = {
				LastUpgradeCheck = 0610;
				ORGANIZATIONNAME = yc;
				TargetAttributes = {
					5808F30D1B1EDFA700ED3377 = {
						CreatedOnToolsVersion = 6.1.1;
						DevelopmentTeam = 7C7ZC2D6D2;
					};
					5808F3261B1EDFA700ED3377 = {
						CreatedOnToolsVersion = 6.1.1;
						TestTargetID = 5808F30D1B1EDFA700ED3377;
					};
				};
			};
			buildConfigurationList = 5808F3091B1EDFA700ED3377 /* Build configuration list for PBXProject "Phonetics" */;
			compatibilityVersion = "Xcode 3.2";
			developmentRegion = English;
			hasScannedForEncodings = 0;
			knownRegions = (
				en,
				Base,
				"zh-Hans",
				ko,
				ja,
				"zh-Hant",
			);
			mainGroup = 5808F3051B1EDFA700ED3377;
			productRefGroup = 5808F30F1B1EDFA700ED3377 /* Products */;
			projectDirPath = "";
			projectRoot = "";
			targets = (
				5808F30D1B1EDFA700ED3377 /* Phonetics */,
				5808F3261B1EDFA700ED3377 /* PhoneticsTests */,
			);
		};
/* End PBXProject section */

/* Begin PBXResourcesBuildPhase section */
		5808F30C1B1EDFA700ED3377 /* Resources */ = {
			isa = PBXResourcesBuildPhase;
			buildActionMask = 2147483647;
			files = (
				5808F3431B1EE40F00ED3377 /* VoiceCell.xib in Resources */,
				58A5985D1B4F5736005542C5 /* sy3.1.mp3 in Resources */,
				58635FF71B39C32200A757C4 /* VoiceSelectViewController.xib in Resources */,
				58B77E601B5F446600D9C116 /* TutorialFirstStepViewController.xib in Resources */,
				580D53631B3C0F140092E408 /* ShareSDKFlatShareViewUI.bundle in Resources */,
				58635FF21B39BAE700A757C4 /* CompareViewController.xib in Resources */,
				5808F31F1B1EDFA700ED3377 /* Images.xcassets in Resources */,
				5808F3381B1EE0BD00ED3377 /* MainViewController.xib in Resources */,
				18877ED41B2DCBFF00B11029 /* StepCell.xib in Resources */,
				1886F4D11CDF2A0900FCE403 /* InfoPlist.strings in Resources */,
				183202BB1CCE241300E56993 /* LaunchScreen.storyboard in Resources */,
				580D535E1B3C0F140092E408 /* ShareSDKLocalizable.strings in Resources */,
				586B27331B2EC7650000A91E /* ExampleCell.xib in Resources */,
				5808F33E1B1EE39D00ED3377 /* VoiceDetailViewController.xib in Resources */,
				18A8DB1D1B78511C0082D2BD /* WebViewController.xib in Resources */,
				58029B8B1B3C05F30081113D /* read_me.txt in Resources */,
				1857265B1CDF200900D21F5D /* voiceInfo.plist in Resources */,
				1844DBA31CDF279C00D824A2 /* Localizable.strings in Resources */,
				58B77E6A1B5F4AAA00D9C116 /* TutorialSecondStepViewController.xib in Resources */,
				580D535F1B3C0F140092E408 /* Resource.bundle in Resources */,
			);
			runOnlyForDeploymentPostprocessing = 0;
		};
		5808F3251B1EDFA700ED3377 /* Resources */ = {
			isa = PBXResourcesBuildPhase;
			buildActionMask = 2147483647;
			files = (
			);
			runOnlyForDeploymentPostprocessing = 0;
		};
/* End PBXResourcesBuildPhase section */

/* Begin PBXSourcesBuildPhase section */
		5808F30A1B1EDFA700ED3377 /* Sources */ = {
			isa = PBXSourcesBuildPhase;
			buildActionMask = 2147483647;
			files = (
				5808F3421B1EE40F00ED3377 /* VoiceCell.m in Sources */,
				18877ED31B2DCBFF00B11029 /* StepCell.m in Sources */,
				18F9FB051B648531007BCF0E /* AnimationButton.m in Sources */,
				58635FF11B39BAE700A757C4 /* CompareViewController.m in Sources */,
				586B27321B2EC7650000A91E /* ExampleCell.m in Sources */,
				58029B831B3BD94A0081113D /* UserDefaultManager.m in Sources */,
				5808F31A1B1EDFA700ED3377 /* MainViewController.m in Sources */,
				58605C2B1B2F36920035ACA3 /* VoiceButton.m in Sources */,
				5808F3171B1EDFA700ED3377 /* AppDelegate.m in Sources */,
				58635FF61B39C32200A757C4 /* VoiceSelectViewController.m in Sources */,
				58B77E5F1B5F446600D9C116 /* TutorialFirstStepViewController.m in Sources */,
				18A8DB1C1B78511C0082D2BD /* WebViewController.m in Sources */,
				5839D50F1B5CF49000B0D96B /* CheckInInfo.m in Sources */,
				5808F33D1B1EE39D00ED3377 /* VoiceDetailViewController.m in Sources */,
				587288451B3CF4BB0088BF00 /* TimeUtil.m in Sources */,
				58FCDF2D1B202D8C00A12529 /* VoiceInfo.m in Sources */,
				58B77E691B5F4AAA00D9C116 /* TutorialSecondStepViewController.m in Sources */,
				5808F3141B1EDFA700ED3377 /* main.m in Sources */,
				186F57D11B248DCD00774A2F /* VoiceItem.m in Sources */,
				5839D5081B5CDDD400B0D96B /* PhoneticsUtils.m in Sources */,
			);
			runOnlyForDeploymentPostprocessing = 0;
		};
		5808F3231B1EDFA700ED3377 /* Sources */ = {
			isa = PBXSourcesBuildPhase;
			buildActionMask = 2147483647;
			files = (
				5808F32E1B1EDFA700ED3377 /* PhoneticsTests.m in Sources */,
			);
			runOnlyForDeploymentPostprocessing = 0;
		};
/* End PBXSourcesBuildPhase section */

/* Begin PBXTargetDependency section */
		5808F3291B1EDFA700ED3377 /* PBXTargetDependency */ = {
			isa = PBXTargetDependency;
			target = 5808F30D1B1EDFA700ED3377 /* Phonetics */;
			targetProxy = 5808F3281B1EDFA700ED3377 /* PBXContainerItemProxy */;
		};
/* End PBXTargetDependency section */

/* Begin PBXVariantGroup section */
		1844DBA51CDF279C00D824A2 /* Localizable.strings */ = {
			isa = PBXVariantGroup;
			children = (
				1844DBA41CDF279C00D824A2 /* en */,
				1844DBA61CDF279E00D824A2 /* zh-Hans */,
				1844DBA71CDF279F00D824A2 /* ko */,
				1844DBA81CDF279F00D824A2 /* ja */,
				1844DBA91CDF27A100D824A2 /* zh-Hant */,
			);
			name = Localizable.strings;
			sourceTree = "<group>";
		};
		1857265D1CDF200900D21F5D /* voiceInfo.plist */ = {
			isa = PBXVariantGroup;
			children = (
				1857265C1CDF200900D21F5D /* en */,
				1857265E1CDF200B00D21F5D /* zh-Hans */,
				1857265F1CDF200D00D21F5D /* ko */,
				185726601CDF200D00D21F5D /* zh-Hant */,
				185726611CDF200F00D21F5D /* ja */,
			);
			name = voiceInfo.plist;
			sourceTree = "<group>";
		};
		1886F4D31CDF2A0900FCE403 /* InfoPlist.strings */ = {
			isa = PBXVariantGroup;
			children = (
				1886F4D21CDF2A0900FCE403 /* en */,
				1886F4D41CDF2A0A00FCE403 /* zh-Hans */,
				1886F4D51CDF2A0D00FCE403 /* ko */,
				1886F4D61CDF2A0E00FCE403 /* zh-Hant */,
				1886F4D71CDF2A1100FCE403 /* ja */,
			);
			name = InfoPlist.strings;
			sourceTree = "<group>";
		};
		580D534C1B3C0F140092E408 /* ShareSDKLocalizable.strings */ = {
			isa = PBXVariantGroup;
			children = (
				580D534D1B3C0F140092E408 /* en */,
				580D53501B3C0F140092E408 /* zh-Hans */,
				185726581CDF1FC900D21F5D /* ko */,
				185726591CDF1FD800D21F5D /* ja */,
				1857265A1CDF1FDD00D21F5D /* zh-Hant */,
			);
			name = ShareSDKLocalizable.strings;
			sourceTree = "<group>";
		};
/* End PBXVariantGroup section */

/* Begin XCBuildConfiguration section */
		5808F32F1B1EDFA700ED3377 /* Debug */ = {
			isa = XCBuildConfiguration;
			buildSettings = {
				ALWAYS_SEARCH_USER_PATHS = NO;
				CLANG_CXX_LANGUAGE_STANDARD = "gnu++0x";
				CLANG_CXX_LIBRARY = "libc++";
				CLANG_ENABLE_MODULES = YES;
				CLANG_ENABLE_OBJC_ARC = YES;
				CLANG_WARN_BOOL_CONVERSION = YES;
				CLANG_WARN_CONSTANT_CONVERSION = YES;
				CLANG_WARN_DIRECT_OBJC_ISA_USAGE = YES_ERROR;
				CLANG_WARN_EMPTY_BODY = YES;
				CLANG_WARN_ENUM_CONVERSION = YES;
				CLANG_WARN_INT_CONVERSION = YES;
				CLANG_WARN_OBJC_ROOT_CLASS = YES_ERROR;
				CLANG_WARN_UNREACHABLE_CODE = YES;
				CLANG_WARN__DUPLICATE_METHOD_MATCH = YES;
				"CODE_SIGN_IDENTITY[sdk=iphoneos*]" = "iPhone Developer";
				COPY_PHASE_STRIP = NO;
				ENABLE_STRICT_OBJC_MSGSEND = YES;
				GCC_C_LANGUAGE_STANDARD = gnu99;
				GCC_DYNAMIC_NO_PIC = NO;
				GCC_OPTIMIZATION_LEVEL = 0;
				GCC_PREPROCESSOR_DEFINITIONS = (
					"DEBUG=1",
					"$(inherited)",
				);
				GCC_SYMBOLS_PRIVATE_EXTERN = NO;
				GCC_WARN_64_TO_32_BIT_CONVERSION = YES;
				GCC_WARN_ABOUT_RETURN_TYPE = YES_ERROR;
				GCC_WARN_UNDECLARED_SELECTOR = YES;
				GCC_WARN_UNINITIALIZED_AUTOS = YES_AGGRESSIVE;
				GCC_WARN_UNUSED_FUNCTION = YES;
				GCC_WARN_UNUSED_VARIABLE = YES;
				IPHONEOS_DEPLOYMENT_TARGET = 8.1;
				MTL_ENABLE_DEBUG_INFO = YES;
				ONLY_ACTIVE_ARCH = YES;
				SDKROOT = iphoneos;
			};
			name = Debug;
		};
		5808F3301B1EDFA700ED3377 /* Release */ = {
			isa = XCBuildConfiguration;
			buildSettings = {
				ALWAYS_SEARCH_USER_PATHS = NO;
				CLANG_CXX_LANGUAGE_STANDARD = "gnu++0x";
				CLANG_CXX_LIBRARY = "libc++";
				CLANG_ENABLE_MODULES = YES;
				CLANG_ENABLE_OBJC_ARC = YES;
				CLANG_WARN_BOOL_CONVERSION = YES;
				CLANG_WARN_CONSTANT_CONVERSION = YES;
				CLANG_WARN_DIRECT_OBJC_ISA_USAGE = YES_ERROR;
				CLANG_WARN_EMPTY_BODY = YES;
				CLANG_WARN_ENUM_CONVERSION = YES;
				CLANG_WARN_INT_CONVERSION = YES;
				CLANG_WARN_OBJC_ROOT_CLASS = YES_ERROR;
				CLANG_WARN_UNREACHABLE_CODE = YES;
				CLANG_WARN__DUPLICATE_METHOD_MATCH = YES;
				"CODE_SIGN_IDENTITY[sdk=iphoneos*]" = "iPhone Developer";
				COPY_PHASE_STRIP = YES;
				ENABLE_NS_ASSERTIONS = NO;
				ENABLE_STRICT_OBJC_MSGSEND = YES;
				GCC_C_LANGUAGE_STANDARD = gnu99;
				GCC_WARN_64_TO_32_BIT_CONVERSION = YES;
				GCC_WARN_ABOUT_RETURN_TYPE = YES_ERROR;
				GCC_WARN_UNDECLARED_SELECTOR = YES;
				GCC_WARN_UNINITIALIZED_AUTOS = YES_AGGRESSIVE;
				GCC_WARN_UNUSED_FUNCTION = YES;
				GCC_WARN_UNUSED_VARIABLE = YES;
				IPHONEOS_DEPLOYMENT_TARGET = 8.1;
				MTL_ENABLE_DEBUG_INFO = NO;
				SDKROOT = iphoneos;
				VALIDATE_PRODUCT = YES;
			};
			name = Release;
		};
		5808F3321B1EDFA700ED3377 /* Debug */ = {
			isa = XCBuildConfiguration;
			buildSettings = {
				ASSETCATALOG_COMPILER_APPICON_NAME = AppIcon;
				ASSETCATALOG_COMPILER_LAUNCHIMAGE_NAME = LaunchImage;
				CODE_SIGN_IDENTITY = "iPhone Developer";
				"CODE_SIGN_IDENTITY[sdk=iphoneos*]" = "iPhone Developer";
				ENABLE_BITCODE = NO;
				FRAMEWORK_SEARCH_PATHS = (
					"$(inherited)",
					"$(PROJECT_DIR)/Phonetics/Library/ShareSDK/Connection",
					"$(PROJECT_DIR)/Phonetics/Library/ShareSDK/Core",
					"$(PROJECT_DIR)/Phonetics/Library/ShareSDK",
					"$(PROJECT_DIR)/Phonetics/Library/ShareSDK/UI",
				);
				INFOPLIST_FILE = Phonetics/Info.plist;
				IPHONEOS_DEPLOYMENT_TARGET = 7.1;
				LD_RUNPATH_SEARCH_PATHS = "$(inherited) @executable_path/Frameworks";
				LIBRARY_SEARCH_PATHS = (
					"$(inherited)",
					"$(PROJECT_DIR)/Phonetics/Library/WeChatSDK_1.5",
					"$(PROJECT_DIR)/Phonetics/Library/ShareSDK/Extend/WeChatSDK",
					"$(PROJECT_DIR)/Phonetics/Library/BaiduMob",
					"$(PROJECT_DIR)/Phonetics/Library/YoumiSDK",
					"$(PROJECT_DIR)/Phonetics/Library/TXSDK",
				);
				OTHER_LDFLAGS = (
					"-ObjC",
					"-lstdc++",
				);
				PRODUCT_NAME = "$(TARGET_NAME)";
				PROVISIONING_PROFILE = "";
				TARGETED_DEVICE_FAMILY = "1,2";
			};
			name = Debug;
		};
		5808F3331B1EDFA700ED3377 /* Release */ = {
			isa = XCBuildConfiguration;
			buildSettings = {
				ASSETCATALOG_COMPILER_APPICON_NAME = AppIcon;
				ASSETCATALOG_COMPILER_LAUNCHIMAGE_NAME = LaunchImage;
				CODE_SIGN_IDENTITY = "iPhone Developer";
				"CODE_SIGN_IDENTITY[sdk=iphoneos*]" = "iPhone Distribution";
				ENABLE_BITCODE = NO;
				FRAMEWORK_SEARCH_PATHS = (
					"$(inherited)",
					"$(PROJECT_DIR)/Phonetics/Library/ShareSDK/Connection",
					"$(PROJECT_DIR)/Phonetics/Library/ShareSDK/Core",
					"$(PROJECT_DIR)/Phonetics/Library/ShareSDK",
					"$(PROJECT_DIR)/Phonetics/Library/ShareSDK/UI",
				);
				INFOPLIST_FILE = Phonetics/Info.plist;
				IPHONEOS_DEPLOYMENT_TARGET = 7.1;
				LD_RUNPATH_SEARCH_PATHS = "$(inherited) @executable_path/Frameworks";
				LIBRARY_SEARCH_PATHS = (
					"$(inherited)",
					"$(PROJECT_DIR)/Phonetics/Library/WeChatSDK_1.5",
					"$(PROJECT_DIR)/Phonetics/Library/ShareSDK/Extend/WeChatSDK",
					"$(PROJECT_DIR)/Phonetics/Library/BaiduMob",
					"$(PROJECT_DIR)/Phonetics/Library/YoumiSDK",
					"$(PROJECT_DIR)/Phonetics/Library/TXSDK",
				);
				OTHER_LDFLAGS = (
					"-ObjC",
					"-lstdc++",
				);
				PRODUCT_NAME = "$(TARGET_NAME)";
				PROVISIONING_PROFILE = "";
				TARGETED_DEVICE_FAMILY = "1,2";
			};
			name = Release;
		};
		5808F3351B1EDFA700ED3377 /* Debug */ = {
			isa = XCBuildConfiguration;
			buildSettings = {
				BUNDLE_LOADER = "$(TEST_HOST)";
				FRAMEWORK_SEARCH_PATHS = (
					"$(SDKROOT)/Developer/Library/Frameworks",
					"$(inherited)",
				);
				GCC_PREPROCESSOR_DEFINITIONS = (
					"DEBUG=1",
					"$(inherited)",
				);
				INFOPLIST_FILE = PhoneticsTests/Info.plist;
				LD_RUNPATH_SEARCH_PATHS = "$(inherited) @executable_path/Frameworks @loader_path/Frameworks";
				PRODUCT_NAME = "$(TARGET_NAME)";
				TEST_HOST = "$(BUILT_PRODUCTS_DIR)/Phonetics.app/Phonetics";
			};
			name = Debug;
		};
		5808F3361B1EDFA700ED3377 /* Release */ = {
			isa = XCBuildConfiguration;
			buildSettings = {
				BUNDLE_LOADER = "$(TEST_HOST)";
				FRAMEWORK_SEARCH_PATHS = (
					"$(SDKROOT)/Developer/Library/Frameworks",
					"$(inherited)",
				);
				INFOPLIST_FILE = PhoneticsTests/Info.plist;
				LD_RUNPATH_SEARCH_PATHS = "$(inherited) @executable_path/Frameworks @loader_path/Frameworks";
				PRODUCT_NAME = "$(TARGET_NAME)";
				TEST_HOST = "$(BUILT_PRODUCTS_DIR)/Phonetics.app/Phonetics";
			};
			name = Release;
		};
/* End XCBuildConfiguration section */

/* Begin XCConfigurationList section */
		5808F3091B1EDFA700ED3377 /* Build configuration list for PBXProject "Phonetics" */ = {
			isa = XCConfigurationList;
			buildConfigurations = (
				5808F32F1B1EDFA700ED3377 /* Debug */,
				5808F3301B1EDFA700ED3377 /* Release */,
			);
			defaultConfigurationIsVisible = 0;
			defaultConfigurationName = Release;
		};
		5808F3311B1EDFA700ED3377 /* Build configuration list for PBXNativeTarget "Phonetics" */ = {
			isa = XCConfigurationList;
			buildConfigurations = (
				5808F3321B1EDFA700ED3377 /* Debug */,
				5808F3331B1EDFA700ED3377 /* Release */,
			);
			defaultConfigurationIsVisible = 0;
			defaultConfigurationName = Release;
		};
		5808F3341B1EDFA700ED3377 /* Build configuration list for PBXNativeTarget "PhoneticsTests" */ = {
			isa = XCConfigurationList;
			buildConfigurations = (
				5808F3351B1EDFA700ED3377 /* Debug */,
				5808F3361B1EDFA700ED3377 /* Release */,
			);
			defaultConfigurationIsVisible = 0;
			defaultConfigurationName = Release;
		};
/* End XCConfigurationList section */
	};
	rootObject = 5808F3061B1EDFA700ED3377 /* Project object */;
}
