// !$*UTF8*$!
{
	archiveVersion = 1;
	classes = {
	};
	objectVersion = 46;
	objects = {

/* Begin PBXBuildFile section */
		5808F3141B1EDFA700ED3377 /* main.m in Sources */ = {isa = PBXBuildFile; fileRef = 5808F3131B1EDFA700ED3377 /* main.m */; };
		5808F3171B1EDFA700ED3377 /* AppDelegate.m in Sources */ = {isa = PBXBuildFile; fileRef = 5808F3161B1EDFA700ED3377 /* AppDelegate.m */; };
		5808F31A1B1EDFA700ED3377 /* MainViewController.m in Sources */ = {isa = PBXBuildFile; fileRef = 5808F3191B1EDFA700ED3377 /* MainViewController.m */; };
		5808F31F1B1EDFA700ED3377 /* Images.xcassets in Resources */ = {isa = PBXBuildFile; fileRef = 5808F31E1B1EDFA700ED3377 /* Images.xcassets */; };
		5808F32E1B1EDFA700ED3377 /* PhoneticsTests.m in Sources */ = {isa = PBXBuildFile; fileRef = 5808F32D1B1EDFA700ED3377 /* PhoneticsTests.m */; };
		5808F3381B1EE0BD00ED3377 /* MainViewController.xib in Resources */ = {isa = PBXBuildFile; fileRef = 5808F3371B1EE0BD00ED3377 /* MainViewController.xib */; };
		5808F33D1B1EE39D00ED3377 /* VoiceDetailViewController.m in Sources */ = {isa = PBXBuildFile; fileRef = 5808F33B1B1EE39D00ED3377 /* VoiceDetailViewController.m */; };
		5808F33E1B1EE39D00ED3377 /* VoiceDetailViewController.xib in Resources */ = {isa = PBXBuildFile; fileRef = 5808F33C1B1EE39D00ED3377 /* VoiceDetailViewController.xib */; };
		5808F3421B1EE40F00ED3377 /* VoiceCell.m in Sources */ = {isa = PBXBuildFile; fileRef = 5808F3401B1EE40F00ED3377 /* VoiceCell.m */; };
		5808F3431B1EE40F00ED3377 /* VoiceCell.xib in Resources */ = {isa = PBXBuildFile; fileRef = 5808F3411B1EE40F00ED3377 /* VoiceCell.xib */; };
		58FCDF2D1B202D8C00A12529 /* VoiceInfo.m in Sources */ = {isa = PBXBuildFile; fileRef = 58FCDF2C1B202D8C00A12529 /* VoiceInfo.m */; };
		58FCDF2F1B202FBC00A12529 /* voiceInfo.plist in Resources */ = {isa = PBXBuildFile; fileRef = 58FCDF2E1B202FBC00A12529 /* voiceInfo.plist */; };
		58FCDF331B203A7800A12529 /* SearchViewController.m in Sources */ = {isa = PBXBuildFile; fileRef = 58FCDF311B203A7800A12529 /* SearchViewController.m */; };
		58FCDF341B203A7800A12529 /* SearchViewController.xib in Resources */ = {isa = PBXBuildFile; fileRef = 58FCDF321B203A7800A12529 /* SearchViewController.xib */; };
/* End PBXBuildFile section */

/* Begin PBXContainerItemProxy section */
		5808F3281B1EDFA700ED3377 /* PBXContainerItemProxy */ = {
			isa = PBXContainerItemProxy;
			containerPortal = 5808F3061B1EDFA700ED3377 /* Project object */;
			proxyType = 1;
			remoteGlobalIDString = 5808F30D1B1EDFA700ED3377;
			remoteInfo = Phonetics;
		};
/* End PBXContainerItemProxy section */

/* Begin PBXFileReference section */
		5808F30E1B1EDFA700ED3377 /* Phonetics.app */ = {isa = PBXFileReference; explicitFileType = wrapper.application; includeInIndex = 0; path = Phonetics.app; sourceTree = BUILT_PRODUCTS_DIR; };
		5808F3121B1EDFA700ED3377 /* Info.plist */ = {isa = PBXFileReference; lastKnownFileType = text.plist.xml; path = Info.plist; sourceTree = "<group>"; };
		5808F3131B1EDFA700ED3377 /* main.m */ = {isa = PBXFileReference; lastKnownFileType = sourcecode.c.objc; path = main.m; sourceTree = "<group>"; };
		5808F3151B1EDFA700ED3377 /* AppDelegate.h */ = {isa = PBXFileReference; lastKnownFileType = sourcecode.c.h; path = AppDelegate.h; sourceTree = "<group>"; };
		5808F3161B1EDFA700ED3377 /* AppDelegate.m */ = {isa = PBXFileReference; lastKnownFileType = sourcecode.c.objc; path = AppDelegate.m; sourceTree = "<group>"; };
		5808F3181B1EDFA700ED3377 /* MainViewController.h */ = {isa = PBXFileReference; lastKnownFileType = sourcecode.c.h; path = MainViewController.h; sourceTree = "<group>"; };
		5808F3191B1EDFA700ED3377 /* MainViewController.m */ = {isa = PBXFileReference; lastKnownFileType = sourcecode.c.objc; path = MainViewController.m; sourceTree = "<group>"; };
		5808F31E1B1EDFA700ED3377 /* Images.xcassets */ = {isa = PBXFileReference; lastKnownFileType = folder.assetcatalog; path = Images.xcassets; sourceTree = "<group>"; };
		5808F3271B1EDFA700ED3377 /* PhoneticsTests.xctest */ = {isa = PBXFileReference; explicitFileType = wrapper.cfbundle; includeInIndex = 0; path = PhoneticsTests.xctest; sourceTree = BUILT_PRODUCTS_DIR; };
		5808F32C1B1EDFA700ED3377 /* Info.plist */ = {isa = PBXFileReference; lastKnownFileType = text.plist.xml; path = Info.plist; sourceTree = "<group>"; };
		5808F32D1B1EDFA700ED3377 /* PhoneticsTests.m */ = {isa = PBXFileReference; lastKnownFileType = sourcecode.c.objc; path = PhoneticsTests.m; sourceTree = "<group>"; };
		5808F3371B1EE0BD00ED3377 /* MainViewController.xib */ = {isa = PBXFileReference; fileEncoding = 4; lastKnownFileType = file.xib; path = MainViewController.xib; sourceTree = "<group>"; };
		5808F33A1B1EE39D00ED3377 /* VoiceDetailViewController.h */ = {isa = PBXFileReference; fileEncoding = 4; lastKnownFileType = sourcecode.c.h; path = VoiceDetailViewController.h; sourceTree = "<group>"; };
		5808F33B1B1EE39D00ED3377 /* VoiceDetailViewController.m */ = {isa = PBXFileReference; fileEncoding = 4; lastKnownFileType = sourcecode.c.objc; path = VoiceDetailViewController.m; sourceTree = "<group>"; };
		5808F33C1B1EE39D00ED3377 /* VoiceDetailViewController.xib */ = {isa = PBXFileReference; fileEncoding = 4; lastKnownFileType = file.xib; path = VoiceDetailViewController.xib; sourceTree = "<group>"; };
		5808F33F1B1EE40F00ED3377 /* VoiceCell.h */ = {isa = PBXFileReference; fileEncoding = 4; lastKnownFileType = sourcecode.c.h; path = VoiceCell.h; sourceTree = "<group>"; };
		5808F3401B1EE40F00ED3377 /* VoiceCell.m */ = {isa = PBXFileReference; fileEncoding = 4; lastKnownFileType = sourcecode.c.objc; path = VoiceCell.m; sourceTree = "<group>"; };
		5808F3411B1EE40F00ED3377 /* VoiceCell.xib */ = {isa = PBXFileReference; fileEncoding = 4; lastKnownFileType = file.xib; path = VoiceCell.xib; sourceTree = "<group>"; };
		58FCDF2B1B202D8C00A12529 /* VoiceInfo.h */ = {isa = PBXFileReference; fileEncoding = 4; lastKnownFileType = sourcecode.c.h; path = VoiceInfo.h; sourceTree = "<group>"; };
		58FCDF2C1B202D8C00A12529 /* VoiceInfo.m */ = {isa = PBXFileReference; fileEncoding = 4; lastKnownFileType = sourcecode.c.objc; path = VoiceInfo.m; sourceTree = "<group>"; };
		58FCDF2E1B202FBC00A12529 /* voiceInfo.plist */ = {isa = PBXFileReference; fileEncoding = 4; lastKnownFileType = text.plist.xml; path = voiceInfo.plist; sourceTree = "<group>"; };
		58FCDF301B203A7800A12529 /* SearchViewController.h */ = {isa = PBXFileReference; fileEncoding = 4; lastKnownFileType = sourcecode.c.h; path = SearchViewController.h; sourceTree = "<group>"; };
		58FCDF311B203A7800A12529 /* SearchViewController.m */ = {isa = PBXFileReference; fileEncoding = 4; lastKnownFileType = sourcecode.c.objc; path = SearchViewController.m; sourceTree = "<group>"; };
		58FCDF321B203A7800A12529 /* SearchViewController.xib */ = {isa = PBXFileReference; fileEncoding = 4; lastKnownFileType = file.xib; path = SearchViewController.xib; sourceTree = "<group>"; };
/* End PBXFileReference section */

/* Begin PBXFrameworksBuildPhase section */
		5808F30B1B1EDFA700ED3377 /* Frameworks */ = {
			isa = PBXFrameworksBuildPhase;
			buildActionMask = 2147483647;
			files = (
			);
			runOnlyForDeploymentPostprocessing = 0;
		};
		5808F3241B1EDFA700ED3377 /* Frameworks */ = {
			isa = PBXFrameworksBuildPhase;
			buildActionMask = 2147483647;
			files = (
			);
			runOnlyForDeploymentPostprocessing = 0;
		};
/* End PBXFrameworksBuildPhase section */

/* Begin PBXGroup section */
		5808F3051B1EDFA700ED3377 = {
			isa = PBXGroup;
			children = (
				5808F3101B1EDFA700ED3377 /* Phonetics */,
				5808F32A1B1EDFA700ED3377 /* PhoneticsTests */,
				5808F30F1B1EDFA700ED3377 /* Products */,
			);
			sourceTree = "<group>";
		};
		5808F30F1B1EDFA700ED3377 /* Products */ = {
			isa = PBXGroup;
			children = (
				5808F30E1B1EDFA700ED3377 /* Phonetics.app */,
				5808F3271B1EDFA700ED3377 /* PhoneticsTests.xctest */,
			);
			name = Products;
			sourceTree = "<group>";
		};
		5808F3101B1EDFA700ED3377 /* Phonetics */ = {
			isa = PBXGroup;
			children = (
				58FCDF2A1B202D7700A12529 /* Model */,
				5808F3391B1EE38300ED3377 /* UI */,
				5808F3151B1EDFA700ED3377 /* AppDelegate.h */,
				5808F3161B1EDFA700ED3377 /* AppDelegate.m */,
				5808F31E1B1EDFA700ED3377 /* Images.xcassets */,
				5808F3111B1EDFA700ED3377 /* Supporting Files */,
			);
			path = Phonetics;
			sourceTree = "<group>";
		};
		5808F3111B1EDFA700ED3377 /* Supporting Files */ = {
			isa = PBXGroup;
			children = (
				5808F3121B1EDFA700ED3377 /* Info.plist */,
				5808F3131B1EDFA700ED3377 /* main.m */,
				58FCDF2E1B202FBC00A12529 /* voiceInfo.plist */,
			);
			name = "Supporting Files";
			sourceTree = "<group>";
		};
		5808F32A1B1EDFA700ED3377 /* PhoneticsTests */ = {
			isa = PBXGroup;
			children = (
				5808F32D1B1EDFA700ED3377 /* PhoneticsTests.m */,
				5808F32B1B1EDFA700ED3377 /* Supporting Files */,
			);
			path = PhoneticsTests;
			sourceTree = "<group>";
		};
		5808F32B1B1EDFA700ED3377 /* Supporting Files */ = {
			isa = PBXGroup;
			children = (
				5808F32C1B1EDFA700ED3377 /* Info.plist */,
			);
			name = "Supporting Files";
			sourceTree = "<group>";
		};
		5808F3391B1EE38300ED3377 /* UI */ = {
			isa = PBXGroup;
			children = (
				5808F3181B1EDFA700ED3377 /* MainViewController.h */,
				5808F3191B1EDFA700ED3377 /* MainViewController.m */,
				5808F3371B1EE0BD00ED3377 /* MainViewController.xib */,
				5808F33A1B1EE39D00ED3377 /* VoiceDetailViewController.h */,
				5808F33B1B1EE39D00ED3377 /* VoiceDetailViewController.m */,
				5808F33C1B1EE39D00ED3377 /* VoiceDetailViewController.xib */,
				5808F33F1B1EE40F00ED3377 /* VoiceCell.h */,
				5808F3401B1EE40F00ED3377 /* VoiceCell.m */,
				5808F3411B1EE40F00ED3377 /* VoiceCell.xib */,
				58FCDF301B203A7800A12529 /* SearchViewController.h */,
				58FCDF311B203A7800A12529 /* SearchViewController.m */,
				58FCDF321B203A7800A12529 /* SearchViewController.xib */,
			);
			name = UI;
			sourceTree = "<group>";
		};
		58FCDF2A1B202D7700A12529 /* Model */ = {
			isa = PBXGroup;
			children = (
				58FCDF2B1B202D8C00A12529 /* VoiceInfo.h */,
				58FCDF2C1B202D8C00A12529 /* VoiceInfo.m */,
			);
			name = Model;
			sourceTree = "<group>";
		};
/* End PBXGroup section */

/* Begin PBXNativeTarget section */
		5808F30D1B1EDFA700ED3377 /* Phonetics */ = {
			isa = PBXNativeTarget;
			buildConfigurationList = 5808F3311B1EDFA700ED3377 /* Build configuration list for PBXNativeTarget "Phonetics" */;
			buildPhases = (
				5808F30A1B1EDFA700ED3377 /* Sources */,
				5808F30B1B1EDFA700ED3377 /* Frameworks */,
				5808F30C1B1EDFA700ED3377 /* Resources */,
			);
			buildRules = (
			);
			dependencies = (
			);
			name = Phonetics;
			productName = Phonetics;
			productReference = 5808F30E1B1EDFA700ED3377 /* Phonetics.app */;
			productType = "com.apple.product-type.application";
		};
		5808F3261B1EDFA700ED3377 /* PhoneticsTests */ = {
			isa = PBXNativeTarget;
			buildConfigurationList = 5808F3341B1EDFA700ED3377 /* Build configuration list for PBXNativeTarget "PhoneticsTests" */;
			buildPhases = (
				5808F3231B1EDFA700ED3377 /* Sources */,
				5808F3241B1EDFA700ED3377 /* Frameworks */,
				5808F3251B1EDFA700ED3377 /* Resources */,
			);
			buildRules = (
			);
			dependencies = (
				5808F3291B1EDFA700ED3377 /* PBXTargetDependency */,
			);
			name = PhoneticsTests;
			productName = PhoneticsTests;
			productReference = 5808F3271B1EDFA700ED3377 /* PhoneticsTests.xctest */;
			productType = "com.apple.product-type.bundle.unit-test";
		};
/* End PBXNativeTarget section */

/* Begin PBXProject section */
		5808F3061B1EDFA700ED3377 /* Project object */ = {
			isa = PBXProject;
			attributes = {
				LastUpgradeCheck = 0610;
				ORGANIZATIONNAME = yc;
				TargetAttributes = {
					5808F30D1B1EDFA700ED3377 = {
						CreatedOnToolsVersion = 6.1.1;
					};
					5808F3261B1EDFA700ED3377 = {
						CreatedOnToolsVersion = 6.1.1;
						TestTargetID = 5808F30D1B1EDFA700ED3377;
					};
				};
			};
			buildConfigurationList = 5808F3091B1EDFA700ED3377 /* Build configuration list for PBXProject "Phonetics" */;
			compatibilityVersion = "Xcode 3.2";
			developmentRegion = English;
			hasScannedForEncodings = 0;
			knownRegions = (
				en,
				Base,
			);
			mainGroup = 5808F3051B1EDFA700ED3377;
			productRefGroup = 5808F30F1B1EDFA700ED3377 /* Products */;
			projectDirPath = "";
			projectRoot = "";
			targets = (
				5808F30D1B1EDFA700ED3377 /* Phonetics */,
				5808F3261B1EDFA700ED3377 /* PhoneticsTests */,
			);
		};
/* End PBXProject section */

/* Begin PBXResourcesBuildPhase section */
		5808F30C1B1EDFA700ED3377 /* Resources */ = {
			isa = PBXResourcesBuildPhase;
			buildActionMask = 2147483647;
			files = (
				5808F3431B1EE40F00ED3377 /* VoiceCell.xib in Resources */,
				5808F31F1B1EDFA700ED3377 /* Images.xcassets in Resources */,
				58FCDF341B203A7800A12529 /* SearchViewController.xib in Resources */,
				5808F3381B1EE0BD00ED3377 /* MainViewController.xib in Resources */,
				5808F33E1B1EE39D00ED3377 /* VoiceDetailViewController.xib in Resources */,
				58FCDF2F1B202FBC00A12529 /* voiceInfo.plist in Resources */,
			);
			runOnlyForDeploymentPostprocessing = 0;
		};
		5808F3251B1EDFA700ED3377 /* Resources */ = {
			isa = PBXResourcesBuildPhase;
			buildActionMask = 2147483647;
			files = (
			);
			runOnlyForDeploymentPostprocessing = 0;
		};
/* End PBXResourcesBuildPhase section */

/* Begin PBXSourcesBuildPhase section */
		5808F30A1B1EDFA700ED3377 /* Sources */ = {
			isa = PBXSourcesBuildPhase;
			buildActionMask = 2147483647;
			files = (
				5808F3421B1EE40F00ED3377 /* VoiceCell.m in Sources */,
				5808F31A1B1EDFA700ED3377 /* MainViewController.m in Sources */,
				5808F3171B1EDFA700ED3377 /* AppDelegate.m in Sources */,
				5808F33D1B1EE39D00ED3377 /* VoiceDetailViewController.m in Sources */,
				58FCDF2D1B202D8C00A12529 /* VoiceInfo.m in Sources */,
				5808F3141B1EDFA700ED3377 /* main.m in Sources */,
				58FCDF331B203A7800A12529 /* SearchViewController.m in Sources */,
			);
			runOnlyForDeploymentPostprocessing = 0;
		};
		5808F3231B1EDFA700ED3377 /* Sources */ = {
			isa = PBXSourcesBuildPhase;
			buildActionMask = 2147483647;
			files = (
				5808F32E1B1EDFA700ED3377 /* PhoneticsTests.m in Sources */,
			);
			runOnlyForDeploymentPostprocessing = 0;
		};
/* End PBXSourcesBuildPhase section */

/* Begin PBXTargetDependency section */
		5808F3291B1EDFA700ED3377 /* PBXTargetDependency */ = {
			isa = PBXTargetDependency;
			target = 5808F30D1B1EDFA700ED3377 /* Phonetics */;
			targetProxy = 5808F3281B1EDFA700ED3377 /* PBXContainerItemProxy */;
		};
/* End PBXTargetDependency section */

/* Begin XCBuildConfiguration section */
		5808F32F1B1EDFA700ED3377 /* Debug */ = {
			isa = XCBuildConfiguration;
			buildSettings = {
				ALWAYS_SEARCH_USER_PATHS = NO;
				CLANG_CXX_LANGUAGE_STANDARD = "gnu++0x";
				CLANG_CXX_LIBRARY = "libc++";
				CLANG_ENABLE_MODULES = YES;
				CLANG_ENABLE_OBJC_ARC = YES;
				CLANG_WARN_BOOL_CONVERSION = YES;
				CLANG_WARN_CONSTANT_CONVERSION = YES;
				CLANG_WARN_DIRECT_OBJC_ISA_USAGE = YES_ERROR;
				CLANG_WARN_EMPTY_BODY = YES;
				CLANG_WARN_ENUM_CONVERSION = YES;
				CLANG_WARN_INT_CONVERSION = YES;
				CLANG_WARN_OBJC_ROOT_CLASS = YES_ERROR;
				CLANG_WARN_UNREACHABLE_CODE = YES;
				CLANG_WARN__DUPLICATE_METHOD_MATCH = YES;
				"CODE_SIGN_IDENTITY[sdk=iphoneos*]" = "iPhone Developer";
				COPY_PHASE_STRIP = NO;
				ENABLE_STRICT_OBJC_MSGSEND = YES;
				GCC_C_LANGUAGE_STANDARD = gnu99;
				GCC_DYNAMIC_NO_PIC = NO;
				GCC_OPTIMIZATION_LEVEL = 0;
				GCC_PREPROCESSOR_DEFINITIONS = (
					"DEBUG=1",
					"$(inherited)",
				);
				GCC_SYMBOLS_PRIVATE_EXTERN = NO;
				GCC_WARN_64_TO_32_BIT_CONVERSION = YES;
				GCC_WARN_ABOUT_RETURN_TYPE = YES_ERROR;
				GCC_WARN_UNDECLARED_SELECTOR = YES;
				GCC_WARN_UNINITIALIZED_AUTOS = YES_AGGRESSIVE;
				GCC_WARN_UNUSED_FUNCTION = YES;
				GCC_WARN_UNUSED_VARIABLE = YES;
				IPHONEOS_DEPLOYMENT_TARGET = 8.1;
				MTL_ENABLE_DEBUG_INFO = YES;
				ONLY_ACTIVE_ARCH = YES;
				SDKROOT = iphoneos;
			};
			name = Debug;
		};
		5808F3301B1EDFA700ED3377 /* Release */ = {
			isa = XCBuildConfiguration;
			buildSettings = {
				ALWAYS_SEARCH_USER_PATHS = NO;
				CLANG_CXX_LANGUAGE_STANDARD = "gnu++0x";
				CLANG_CXX_LIBRARY = "libc++";
				CLANG_ENABLE_MODULES = YES;
				CLANG_ENABLE_OBJC_ARC = YES;
				CLANG_WARN_BOOL_CONVERSION = YES;
				CLANG_WARN_CONSTANT_CONVERSION = YES;
				CLANG_WARN_DIRECT_OBJC_ISA_USAGE = YES_ERROR;
				CLANG_WARN_EMPTY_BODY = YES;
				CLANG_WARN_ENUM_CONVERSION = YES;
				CLANG_WARN_INT_CONVERSION = YES;
				CLANG_WARN_OBJC_ROOT_CLASS = YES_ERROR;
				CLANG_WARN_UNREACHABLE_CODE = YES;
				CLANG_WARN__DUPLICATE_METHOD_MATCH = YES;
				"CODE_SIGN_IDENTITY[sdk=iphoneos*]" = "iPhone Developer";
				COPY_PHASE_STRIP = YES;
				ENABLE_NS_ASSERTIONS = NO;
				ENABLE_STRICT_OBJC_MSGSEND = YES;
				GCC_C_LANGUAGE_STANDARD = gnu99;
				GCC_WARN_64_TO_32_BIT_CONVERSION = YES;
				GCC_WARN_ABOUT_RETURN_TYPE = YES_ERROR;
				GCC_WARN_UNDECLARED_SELECTOR = YES;
				GCC_WARN_UNINITIALIZED_AUTOS = YES_AGGRESSIVE;
				GCC_WARN_UNUSED_FUNCTION = YES;
				GCC_WARN_UNUSED_VARIABLE = YES;
				IPHONEOS_DEPLOYMENT_TARGET = 8.1;
				MTL_ENABLE_DEBUG_INFO = NO;
				SDKROOT = iphoneos;
				VALIDATE_PRODUCT = YES;
			};
			name = Release;
		};
		5808F3321B1EDFA700ED3377 /* Debug */ = {
			isa = XCBuildConfiguration;
			buildSettings = {
				ASSETCATALOG_COMPILER_APPICON_NAME = AppIcon;
				ASSETCATALOG_COMPILER_LAUNCHIMAGE_NAME = LaunchImage;
				INFOPLIST_FILE = Phonetics/Info.plist;
				LD_RUNPATH_SEARCH_PATHS = "$(inherited) @executable_path/Frameworks";
				PRODUCT_NAME = "$(TARGET_NAME)";
			};
			name = Debug;
		};
		5808F3331B1EDFA700ED3377 /* Release */ = {
			isa = XCBuildConfiguration;
			buildSettings = {
				ASSETCATALOG_COMPILER_APPICON_NAME = AppIcon;
				ASSETCATALOG_COMPILER_LAUNCHIMAGE_NAME = LaunchImage;
				INFOPLIST_FILE = Phonetics/Info.plist;
				LD_RUNPATH_SEARCH_PATHS = "$(inherited) @executable_path/Frameworks";
				PRODUCT_NAME = "$(TARGET_NAME)";
			};
			name = Release;
		};
		5808F3351B1EDFA700ED3377 /* Debug */ = {
			isa = XCBuildConfiguration;
			buildSettings = {
				BUNDLE_LOADER = "$(TEST_HOST)";
				FRAMEWORK_SEARCH_PATHS = (
					"$(SDKROOT)/Developer/Library/Frameworks",
					"$(inherited)",
				);
				GCC_PREPROCESSOR_DEFINITIONS = (
					"DEBUG=1",
					"$(inherited)",
				);
				INFOPLIST_FILE = PhoneticsTests/Info.plist;
				LD_RUNPATH_SEARCH_PATHS = "$(inherited) @executable_path/Frameworks @loader_path/Frameworks";
				PRODUCT_NAME = "$(TARGET_NAME)";
				TEST_HOST = "$(BUILT_PRODUCTS_DIR)/Phonetics.app/Phonetics";
			};
			name = Debug;
		};
		5808F3361B1EDFA700ED3377 /* Release */ = {
			isa = XCBuildConfiguration;
			buildSettings = {
				BUNDLE_LOADER = "$(TEST_HOST)";
				FRAMEWORK_SEARCH_PATHS = (
					"$(SDKROOT)/Developer/Library/Frameworks",
					"$(inherited)",
				);
				INFOPLIST_FILE = PhoneticsTests/Info.plist;
				LD_RUNPATH_SEARCH_PATHS = "$(inherited) @executable_path/Frameworks @loader_path/Frameworks";
				PRODUCT_NAME = "$(TARGET_NAME)";
				TEST_HOST = "$(BUILT_PRODUCTS_DIR)/Phonetics.app/Phonetics";
			};
			name = Release;
		};
/* End XCBuildConfiguration section */

/* Begin XCConfigurationList section */
		5808F3091B1EDFA700ED3377 /* Build configuration list for PBXProject "Phonetics" */ = {
			isa = XCConfigurationList;
			buildConfigurations = (
				5808F32F1B1EDFA700ED3377 /* Debug */,
				5808F3301B1EDFA700ED3377 /* Release */,
			);
			defaultConfigurationIsVisible = 0;
			defaultConfigurationName = Release;
		};
		5808F3311B1EDFA700ED3377 /* Build configuration list for PBXNativeTarget "Phonetics" */ = {
			isa = XCConfigurationList;
			buildConfigurations = (
				5808F3321B1EDFA700ED3377 /* Debug */,
				5808F3331B1EDFA700ED3377 /* Release */,
			);
			defaultConfigurationIsVisible = 0;
			defaultConfigurationName = Release;
		};
		5808F3341B1EDFA700ED3377 /* Build configuration list for PBXNativeTarget "PhoneticsTests" */ = {
			isa = XCConfigurationList;
			buildConfigurations = (
				5808F3351B1EDFA700ED3377 /* Debug */,
				5808F3361B1EDFA700ED3377 /* Release */,
			);
			defaultConfigurationIsVisible = 0;
			defaultConfigurationName = Release;
		};
/* End XCConfigurationList section */
	};
	rootObject = 5808F3061B1EDFA700ED3377 /* Project object */;
}
